// !$*UTF8*$!
{
	archiveVersion = 1;
	classes = {
	};
	objectVersion = 46;
	objects = {

/* Begin PBXBuildFile section */
		13283BB61735B0CE00E2C286 /* UIKit.framework in Frameworks */ = {isa = PBXBuildFile; fileRef = 13283BB51735B0CE00E2C286 /* UIKit.framework */; };
		13283BB81735B0CE00E2C286 /* Foundation.framework in Frameworks */ = {isa = PBXBuildFile; fileRef = 13283BB71735B0CE00E2C286 /* Foundation.framework */; };
		13283BBA1735B0CE00E2C286 /* CoreGraphics.framework in Frameworks */ = {isa = PBXBuildFile; fileRef = 13283BB91735B0CE00E2C286 /* CoreGraphics.framework */; };
		13283BBC1735B0CE00E2C286 /* CoreData.framework in Frameworks */ = {isa = PBXBuildFile; fileRef = 13283BBB1735B0CE00E2C286 /* CoreData.framework */; };
		13283BC21735B0CE00E2C286 /* InfoPlist.strings in Resources */ = {isa = PBXBuildFile; fileRef = 13283BC01735B0CE00E2C286 /* InfoPlist.strings */; };
		13283BC41735B0CE00E2C286 /* main.m in Sources */ = {isa = PBXBuildFile; fileRef = 13283BC31735B0CE00E2C286 /* main.m */; };
		13283BC81735B0CE00E2C286 /* AppDelegate.m in Sources */ = {isa = PBXBuildFile; fileRef = 13283BC71735B0CE00E2C286 /* AppDelegate.m */; };
		13283BCE1735B0CE00E2C286 /* Default-568h@2x.png in Resources */ = {isa = PBXBuildFile; fileRef = 13283BCD1735B0CE00E2C286 /* Default-568h@2x.png */; };
		13283BD11735B0CE00E2C286 /* LaParisienneBakery.xcdatamodeld in Sources */ = {isa = PBXBuildFile; fileRef = 13283BCF1735B0CE00E2C286 /* LaParisienneBakery.xcdatamodeld */; };
		13283BD81735B76800E2C286 /* Storyboard.storyboard in Resources */ = {isa = PBXBuildFile; fileRef = 13283BD71735B76800E2C286 /* Storyboard.storyboard */; };
		1332BC8D173F59D80082D8A8 /* Invoice_Lines.m in Sources */ = {isa = PBXBuildFile; fileRef = 1332BC84173F59D70082D8A8 /* Invoice_Lines.m */; };
		1332BC8E173F59D80082D8A8 /* Customer.m in Sources */ = {isa = PBXBuildFile; fileRef = 1332BC86173F59D80082D8A8 /* Customer.m */; };
		1332BC8F173F59D80082D8A8 /* User.m in Sources */ = {isa = PBXBuildFile; fileRef = 1332BC88173F59D80082D8A8 /* User.m */; };
		1332BC90173F59D80082D8A8 /* Invoice.m in Sources */ = {isa = PBXBuildFile; fileRef = 1332BC8A173F59D80082D8A8 /* Invoice.m */; };
		1332BC91173F59D80082D8A8 /* Product.m in Sources */ = {isa = PBXBuildFile; fileRef = 1332BC8C173F59D80082D8A8 /* Product.m */; };
		133B4CC2173F5B7B00671615 /* UserManagmentViewController.m in Sources */ = {isa = PBXBuildFile; fileRef = 133B4CC1173F5B7B00671615 /* UserManagmentViewController.m */; };
		133B4CC51745F7BE00671615 /* ManageClientsViewController.m in Sources */ = {isa = PBXBuildFile; fileRef = 133B4CC41745F7BE00671615 /* ManageClientsViewController.m */; };
		8214190F175396E20001CEF0 /* ChooseClientForInvoiceViewController.m in Sources */ = {isa = PBXBuildFile; fileRef = 8214190E175396E20001CEF0 /* ChooseClientForInvoiceViewController.m */; };
		82141911175398610001CEF0 /* LogoInv.png in Resources */ = {isa = PBXBuildFile; fileRef = 82141910175398610001CEF0 /* LogoInv.png */; };
		8214191417539C510001CEF0 /* ChooseProductsForInvoiceViewController.m in Sources */ = {isa = PBXBuildFile; fileRef = 8214191317539C510001CEF0 /* ChooseProductsForInvoiceViewController.m */; };
		829A4683174AFFE900B3B136 /* UserManagmentDetailViewController.m in Sources */ = {isa = PBXBuildFile; fileRef = 829A4682174AFFE900B3B136 /* UserManagmentDetailViewController.m */; };
		829A4686174B053600B3B136 /* ManageProductsViewController.m in Sources */ = {isa = PBXBuildFile; fileRef = 829A4685174B053600B3B136 /* ManageProductsViewController.m */; };
		829A4689174B06AA00B3B136 /* ManageProductsDetailViewController.m in Sources */ = {isa = PBXBuildFile; fileRef = 829A4688174B06AA00B3B136 /* ManageProductsDetailViewController.m */; };
		829A468C174B098400B3B136 /* ManageInvoicesViewController.m in Sources */ = {isa = PBXBuildFile; fileRef = 829A468B174B098400B3B136 /* ManageInvoicesViewController.m */; };
		829A468F174B099800B3B136 /* ManageInvoicesDetailViewController.m in Sources */ = {isa = PBXBuildFile; fileRef = 829A468E174B099800B3B136 /* ManageInvoicesDetailViewController.m */; };
		82A6CF9C1749416600BDB8E8 /* ManageClientsDetailViewController.m in Sources */ = {isa = PBXBuildFile; fileRef = 82A6CF9B1749416600BDB8E8 /* ManageClientsDetailViewController.m */; };
		82A9FEE3175599CC00A41AF8 /* QuartzCore.framework in Frameworks */ = {isa = PBXBuildFile; fileRef = 82A9FEE2175599CC00A41AF8 /* QuartzCore.framework */; };
		82A9FF2E17559A6800A41AF8 /* AppIcon-057.png in Resources */ = {isa = PBXBuildFile; fileRef = 82A9FEEB17559A6800A41AF8 /* AppIcon-057.png */; };
		82A9FF2F17559A6800A41AF8 /* AppIcon-072.png in Resources */ = {isa = PBXBuildFile; fileRef = 82A9FEEC17559A6800A41AF8 /* AppIcon-072.png */; };
		82A9FF3017559A6800A41AF8 /* AppIcon-114.png in Resources */ = {isa = PBXBuildFile; fileRef = 82A9FEED17559A6800A41AF8 /* AppIcon-114.png */; };
		82A9FF3117559A6800A41AF8 /* AppIcon-144.png in Resources */ = {isa = PBXBuildFile; fileRef = 82A9FEEE17559A6800A41AF8 /* AppIcon-144.png */; };
		82A9FF3217559A6800A41AF8 /* Reader-Button-H.png in Resources */ = {isa = PBXBuildFile; fileRef = 82A9FEEF17559A6800A41AF8 /* Reader-Button-H.png */; };
		82A9FF3317559A6800A41AF8 /* Reader-Button-H@2x.png in Resources */ = {isa = PBXBuildFile; fileRef = 82A9FEF017559A6800A41AF8 /* Reader-Button-H@2x.png */; };
		82A9FF3417559A6800A41AF8 /* Reader-Button-N.png in Resources */ = {isa = PBXBuildFile; fileRef = 82A9FEF117559A6800A41AF8 /* Reader-Button-N.png */; };
		82A9FF3517559A6800A41AF8 /* Reader-Button-N@2x.png in Resources */ = {isa = PBXBuildFile; fileRef = 82A9FEF217559A6800A41AF8 /* Reader-Button-N@2x.png */; };
		82A9FF3617559A6800A41AF8 /* Reader-Email.png in Resources */ = {isa = PBXBuildFile; fileRef = 82A9FEF317559A6800A41AF8 /* Reader-Email.png */; };
		82A9FF3717559A6800A41AF8 /* Reader-Email@2x.png in Resources */ = {isa = PBXBuildFile; fileRef = 82A9FEF417559A6800A41AF8 /* Reader-Email@2x.png */; };
		82A9FF3817559A6800A41AF8 /* Reader-Mark-N.png in Resources */ = {isa = PBXBuildFile; fileRef = 82A9FEF517559A6800A41AF8 /* Reader-Mark-N.png */; };
		82A9FF3917559A6800A41AF8 /* Reader-Mark-N@2x.png in Resources */ = {isa = PBXBuildFile; fileRef = 82A9FEF617559A6800A41AF8 /* Reader-Mark-N@2x.png */; };
		82A9FF3A17559A6800A41AF8 /* Reader-Mark-Y.png in Resources */ = {isa = PBXBuildFile; fileRef = 82A9FEF717559A6800A41AF8 /* Reader-Mark-Y.png */; };
		82A9FF3B17559A6800A41AF8 /* Reader-Mark-Y@2x.png in Resources */ = {isa = PBXBuildFile; fileRef = 82A9FEF817559A6800A41AF8 /* Reader-Mark-Y@2x.png */; };
		82A9FF3C17559A6800A41AF8 /* Reader-Print.png in Resources */ = {isa = PBXBuildFile; fileRef = 82A9FEF917559A6800A41AF8 /* Reader-Print.png */; };
		82A9FF3D17559A6800A41AF8 /* Reader-Print@2x.png in Resources */ = {isa = PBXBuildFile; fileRef = 82A9FEFA17559A6800A41AF8 /* Reader-Print@2x.png */; };
		82A9FF3E17559A6800A41AF8 /* Reader-Thumbs.png in Resources */ = {isa = PBXBuildFile; fileRef = 82A9FEFB17559A6800A41AF8 /* Reader-Thumbs.png */; };
		82A9FF3F17559A6800A41AF8 /* Reader-Thumbs@2x.png in Resources */ = {isa = PBXBuildFile; fileRef = 82A9FEFC17559A6800A41AF8 /* Reader-Thumbs@2x.png */; };
		82A9FF5717559A6800A41AF8 /* typo_tips.pdf in Resources */ = {isa = PBXBuildFile; fileRef = 82A9FF2B17559A6800A41AF8 /* typo_tips.pdf */; };
		82A9FF5917559D4B00A41AF8 /* tree.jpg in Resources */ = {isa = PBXBuildFile; fileRef = 82A9FF5817559D4B00A41AF8 /* tree.jpg */; };
		82EDE1D5173F19DD00E27BB3 /* BG.png in Resources */ = {isa = PBXBuildFile; fileRef = 82EDE1D4173F19DD00E27BB3 /* BG.png */; };
		82EDE1D9173F1A5E00E27BB3 /* LogInViewController.m in Sources */ = {isa = PBXBuildFile; fileRef = 82EDE1D8173F1A5E00E27BB3 /* LogInViewController.m */; };
		82EDE1DB173F1DF200E27BB3 /* Logo.png in Resources */ = {isa = PBXBuildFile; fileRef = 82EDE1DA173F1DF200E27BB3 /* Logo.png */; };
		82EDE1EA173F2ABA00E27BB3 /* displayMenuBtn.png in Resources */ = {isa = PBXBuildFile; fileRef = 82EDE1E9173F2ABA00E27BB3 /* displayMenuBtn.png */; };
		82EDE1EB173F2C7300E27BB3 /* MainMenuViewController.m in Sources */ = {isa = PBXBuildFile; fileRef = 82EDE1E8173F264D00E27BB3 /* MainMenuViewController.m */; };
/* End PBXBuildFile section */

/* Begin PBXFileReference section */
		13283BB21735B0CE00E2C286 /* LaParisienneBakery.app */ = {isa = PBXFileReference; explicitFileType = wrapper.application; includeInIndex = 0; path = LaParisienneBakery.app; sourceTree = BUILT_PRODUCTS_DIR; };
		13283BB51735B0CE00E2C286 /* UIKit.framework */ = {isa = PBXFileReference; lastKnownFileType = wrapper.framework; name = UIKit.framework; path = System/Library/Frameworks/UIKit.framework; sourceTree = SDKROOT; };
		13283BB71735B0CE00E2C286 /* Foundation.framework */ = {isa = PBXFileReference; lastKnownFileType = wrapper.framework; name = Foundation.framework; path = System/Library/Frameworks/Foundation.framework; sourceTree = SDKROOT; };
		13283BB91735B0CE00E2C286 /* CoreGraphics.framework */ = {isa = PBXFileReference; lastKnownFileType = wrapper.framework; name = CoreGraphics.framework; path = System/Library/Frameworks/CoreGraphics.framework; sourceTree = SDKROOT; };
		13283BBB1735B0CE00E2C286 /* CoreData.framework */ = {isa = PBXFileReference; lastKnownFileType = wrapper.framework; name = CoreData.framework; path = System/Library/Frameworks/CoreData.framework; sourceTree = SDKROOT; };
		13283BBF1735B0CE00E2C286 /* LaParisienneBakery-Info.plist */ = {isa = PBXFileReference; lastKnownFileType = text.plist.xml; path = "LaParisienneBakery-Info.plist"; sourceTree = "<group>"; };
		13283BC11735B0CE00E2C286 /* en */ = {isa = PBXFileReference; lastKnownFileType = text.plist.strings; name = en; path = en.lproj/InfoPlist.strings; sourceTree = "<group>"; };
		13283BC31735B0CE00E2C286 /* main.m */ = {isa = PBXFileReference; lastKnownFileType = sourcecode.c.objc; path = main.m; sourceTree = "<group>"; };
		13283BC51735B0CE00E2C286 /* LaParisienneBakery-Prefix.pch */ = {isa = PBXFileReference; lastKnownFileType = sourcecode.c.h; path = "LaParisienneBakery-Prefix.pch"; sourceTree = "<group>"; };
		13283BC61735B0CE00E2C286 /* AppDelegate.h */ = {isa = PBXFileReference; lastKnownFileType = sourcecode.c.h; path = AppDelegate.h; sourceTree = "<group>"; };
		13283BC71735B0CE00E2C286 /* AppDelegate.m */ = {isa = PBXFileReference; lastKnownFileType = sourcecode.c.objc; path = AppDelegate.m; sourceTree = "<group>"; };
		13283BC91735B0CE00E2C286 /* Default.png */ = {isa = PBXFileReference; lastKnownFileType = image.png; path = Default.png; sourceTree = "<group>"; };
		13283BCB1735B0CE00E2C286 /* Default@2x.png */ = {isa = PBXFileReference; lastKnownFileType = image.png; path = "Default@2x.png"; sourceTree = "<group>"; };
		13283BCD1735B0CE00E2C286 /* Default-568h@2x.png */ = {isa = PBXFileReference; lastKnownFileType = image.png; path = "Default-568h@2x.png"; sourceTree = "<group>"; };
		13283BD01735B0CE00E2C286 /* LaParisienneBakery.xcdatamodel */ = {isa = PBXFileReference; lastKnownFileType = wrapper.xcdatamodel; path = LaParisienneBakery.xcdatamodel; sourceTree = "<group>"; };
		13283BD71735B76800E2C286 /* Storyboard.storyboard */ = {isa = PBXFileReference; fileEncoding = 4; lastKnownFileType = file.storyboard; name = Storyboard.storyboard; path = LaParisienneBakery/Storyboard.storyboard; sourceTree = "<group>"; };
		1332BC83173F59D70082D8A8 /* Invoice_Lines.h */ = {isa = PBXFileReference; fileEncoding = 4; lastKnownFileType = sourcecode.c.h; name = Invoice_Lines.h; path = LaParisienneBakery/Invoice_Lines.h; sourceTree = "<group>"; };
		1332BC84173F59D70082D8A8 /* Invoice_Lines.m */ = {isa = PBXFileReference; fileEncoding = 4; lastKnownFileType = sourcecode.c.objc; name = Invoice_Lines.m; path = LaParisienneBakery/Invoice_Lines.m; sourceTree = "<group>"; };
		1332BC85173F59D80082D8A8 /* Customer.h */ = {isa = PBXFileReference; fileEncoding = 4; lastKnownFileType = sourcecode.c.h; name = Customer.h; path = LaParisienneBakery/Customer.h; sourceTree = "<group>"; };
		1332BC86173F59D80082D8A8 /* Customer.m */ = {isa = PBXFileReference; fileEncoding = 4; lastKnownFileType = sourcecode.c.objc; name = Customer.m; path = LaParisienneBakery/Customer.m; sourceTree = "<group>"; };
		1332BC87173F59D80082D8A8 /* User.h */ = {isa = PBXFileReference; fileEncoding = 4; lastKnownFileType = sourcecode.c.h; name = User.h; path = LaParisienneBakery/User.h; sourceTree = "<group>"; };
		1332BC88173F59D80082D8A8 /* User.m */ = {isa = PBXFileReference; fileEncoding = 4; lastKnownFileType = sourcecode.c.objc; name = User.m; path = LaParisienneBakery/User.m; sourceTree = "<group>"; };
		1332BC89173F59D80082D8A8 /* Invoice.h */ = {isa = PBXFileReference; fileEncoding = 4; lastKnownFileType = sourcecode.c.h; name = Invoice.h; path = LaParisienneBakery/Invoice.h; sourceTree = "<group>"; };
		1332BC8A173F59D80082D8A8 /* Invoice.m */ = {isa = PBXFileReference; fileEncoding = 4; lastKnownFileType = sourcecode.c.objc; name = Invoice.m; path = LaParisienneBakery/Invoice.m; sourceTree = "<group>"; };
		1332BC8B173F59D80082D8A8 /* Product.h */ = {isa = PBXFileReference; fileEncoding = 4; lastKnownFileType = sourcecode.c.h; name = Product.h; path = LaParisienneBakery/Product.h; sourceTree = "<group>"; };
		1332BC8C173F59D80082D8A8 /* Product.m */ = {isa = PBXFileReference; fileEncoding = 4; lastKnownFileType = sourcecode.c.objc; name = Product.m; path = LaParisienneBakery/Product.m; sourceTree = "<group>"; };
		133B4CC0173F5B7B00671615 /* UserManagmentViewController.h */ = {isa = PBXFileReference; fileEncoding = 4; lastKnownFileType = sourcecode.c.h; path = UserManagmentViewController.h; sourceTree = "<group>"; };
		133B4CC1173F5B7B00671615 /* UserManagmentViewController.m */ = {isa = PBXFileReference; fileEncoding = 4; lastKnownFileType = sourcecode.c.objc; path = UserManagmentViewController.m; sourceTree = "<group>"; };
		133B4CC31745F7BD00671615 /* ManageClientsViewController.h */ = {isa = PBXFileReference; fileEncoding = 4; lastKnownFileType = sourcecode.c.h; path = ManageClientsViewController.h; sourceTree = "<group>"; };
		133B4CC41745F7BE00671615 /* ManageClientsViewController.m */ = {isa = PBXFileReference; fileEncoding = 4; lastKnownFileType = sourcecode.c.objc; path = ManageClientsViewController.m; sourceTree = "<group>"; };
		8214190D175396E20001CEF0 /* ChooseClientForInvoiceViewController.h */ = {isa = PBXFileReference; fileEncoding = 4; lastKnownFileType = sourcecode.c.h; path = ChooseClientForInvoiceViewController.h; sourceTree = "<group>"; };
		8214190E175396E20001CEF0 /* ChooseClientForInvoiceViewController.m */ = {isa = PBXFileReference; fileEncoding = 4; lastKnownFileType = sourcecode.c.objc; path = ChooseClientForInvoiceViewController.m; sourceTree = "<group>"; };
		82141910175398610001CEF0 /* LogoInv.png */ = {isa = PBXFileReference; lastKnownFileType = image.png; path = LogoInv.png; sourceTree = "<group>"; };
		8214191217539C510001CEF0 /* ChooseProductsForInvoiceViewController.h */ = {isa = PBXFileReference; fileEncoding = 4; lastKnownFileType = sourcecode.c.h; path = ChooseProductsForInvoiceViewController.h; sourceTree = "<group>"; };
		8214191317539C510001CEF0 /* ChooseProductsForInvoiceViewController.m */ = {isa = PBXFileReference; fileEncoding = 4; lastKnownFileType = sourcecode.c.objc; path = ChooseProductsForInvoiceViewController.m; sourceTree = "<group>"; };
		829A4681174AFFE900B3B136 /* UserManagmentDetailViewController.h */ = {isa = PBXFileReference; fileEncoding = 4; lastKnownFileType = sourcecode.c.h; path = UserManagmentDetailViewController.h; sourceTree = "<group>"; };
		829A4682174AFFE900B3B136 /* UserManagmentDetailViewController.m */ = {isa = PBXFileReference; fileEncoding = 4; lastKnownFileType = sourcecode.c.objc; path = UserManagmentDetailViewController.m; sourceTree = "<group>"; };
		829A4684174B053600B3B136 /* ManageProductsViewController.h */ = {isa = PBXFileReference; fileEncoding = 4; lastKnownFileType = sourcecode.c.h; path = ManageProductsViewController.h; sourceTree = "<group>"; };
		829A4685174B053600B3B136 /* ManageProductsViewController.m */ = {isa = PBXFileReference; fileEncoding = 4; lastKnownFileType = sourcecode.c.objc; path = ManageProductsViewController.m; sourceTree = "<group>"; };
		829A4687174B06AA00B3B136 /* ManageProductsDetailViewController.h */ = {isa = PBXFileReference; fileEncoding = 4; lastKnownFileType = sourcecode.c.h; path = ManageProductsDetailViewController.h; sourceTree = "<group>"; };
		829A4688174B06AA00B3B136 /* ManageProductsDetailViewController.m */ = {isa = PBXFileReference; fileEncoding = 4; lastKnownFileType = sourcecode.c.objc; path = ManageProductsDetailViewController.m; sourceTree = "<group>"; };
		829A468A174B098400B3B136 /* ManageInvoicesViewController.h */ = {isa = PBXFileReference; fileEncoding = 4; lastKnownFileType = sourcecode.c.h; path = ManageInvoicesViewController.h; sourceTree = "<group>"; };
		829A468B174B098400B3B136 /* ManageInvoicesViewController.m */ = {isa = PBXFileReference; fileEncoding = 4; lastKnownFileType = sourcecode.c.objc; path = ManageInvoicesViewController.m; sourceTree = "<group>"; };
		829A468D174B099800B3B136 /* ManageInvoicesDetailViewController.h */ = {isa = PBXFileReference; fileEncoding = 4; lastKnownFileType = sourcecode.c.h; path = ManageInvoicesDetailViewController.h; sourceTree = "<group>"; };
		829A468E174B099800B3B136 /* ManageInvoicesDetailViewController.m */ = {isa = PBXFileReference; fileEncoding = 4; lastKnownFileType = sourcecode.c.objc; path = ManageInvoicesDetailViewController.m; sourceTree = "<group>"; };
		82A634991755A27C00880849 /* CGPDFDocument.h */ = {isa = PBXFileReference; lastKnownFileType = sourcecode.c.h; name = CGPDFDocument.h; path = ../Graphics/CGPDFDocument.h; sourceTree = "<group>"; };
		82A6349A1755A27C00880849 /* CGPDFDocument.m */ = {isa = PBXFileReference; lastKnownFileType = sourcecode.c.objc; name = CGPDFDocument.m; path = ../Graphics/CGPDFDocument.m; sourceTree = "<group>"; };
		82A6349B1755A27C00880849 /* ReaderConstants.h */ = {isa = PBXFileReference; lastKnownFileType = sourcecode.c.h; name = ReaderConstants.h; path = ../Graphics/ReaderConstants.h; sourceTree = "<group>"; };
		82A6349C1755A27C00880849 /* ReaderConstants.m */ = {isa = PBXFileReference; lastKnownFileType = sourcecode.c.objc; name = ReaderConstants.m; path = ../Graphics/ReaderConstants.m; sourceTree = "<group>"; };
		82A6349D1755A27C00880849 /* ReaderContentPage.h */ = {isa = PBXFileReference; lastKnownFileType = sourcecode.c.h; name = ReaderContentPage.h; path = ../Graphics/ReaderContentPage.h; sourceTree = "<group>"; };
		82A6349E1755A27C00880849 /* ReaderContentPage.m */ = {isa = PBXFileReference; lastKnownFileType = sourcecode.c.objc; name = ReaderContentPage.m; path = ../Graphics/ReaderContentPage.m; sourceTree = "<group>"; };
		82A6349F1755A27C00880849 /* ReaderContentTile.h */ = {isa = PBXFileReference; lastKnownFileType = sourcecode.c.h; name = ReaderContentTile.h; path = ../Graphics/ReaderContentTile.h; sourceTree = "<group>"; };
		82A634A01755A27C00880849 /* ReaderContentTile.m */ = {isa = PBXFileReference; lastKnownFileType = sourcecode.c.objc; name = ReaderContentTile.m; path = ../Graphics/ReaderContentTile.m; sourceTree = "<group>"; };
		82A634A11755A27C00880849 /* ReaderContentView.h */ = {isa = PBXFileReference; lastKnownFileType = sourcecode.c.h; name = ReaderContentView.h; path = ../Graphics/ReaderContentView.h; sourceTree = "<group>"; };
		82A634A21755A27C00880849 /* ReaderContentView.m */ = {isa = PBXFileReference; lastKnownFileType = sourcecode.c.objc; name = ReaderContentView.m; path = ../Graphics/ReaderContentView.m; sourceTree = "<group>"; };
		82A634A31755A27C00880849 /* ReaderDocument.h */ = {isa = PBXFileReference; lastKnownFileType = sourcecode.c.h; name = ReaderDocument.h; path = ../Graphics/ReaderDocument.h; sourceTree = "<group>"; };
		82A634A41755A27C00880849 /* ReaderDocument.m */ = {isa = PBXFileReference; lastKnownFileType = sourcecode.c.objc; name = ReaderDocument.m; path = ../Graphics/ReaderDocument.m; sourceTree = "<group>"; };
		82A634A51755A27C00880849 /* ReaderMainPagebar.h */ = {isa = PBXFileReference; lastKnownFileType = sourcecode.c.h; name = ReaderMainPagebar.h; path = ../Graphics/ReaderMainPagebar.h; sourceTree = "<group>"; };
		82A634A61755A27C00880849 /* ReaderMainPagebar.m */ = {isa = PBXFileReference; lastKnownFileType = sourcecode.c.objc; name = ReaderMainPagebar.m; path = ../Graphics/ReaderMainPagebar.m; sourceTree = "<group>"; };
		82A634A71755A27C00880849 /* ReaderMainToolbar.h */ = {isa = PBXFileReference; lastKnownFileType = sourcecode.c.h; name = ReaderMainToolbar.h; path = ../Graphics/ReaderMainToolbar.h; sourceTree = "<group>"; };
		82A634A81755A27C00880849 /* ReaderMainToolbar.m */ = {isa = PBXFileReference; lastKnownFileType = sourcecode.c.objc; name = ReaderMainToolbar.m; path = ../Graphics/ReaderMainToolbar.m; sourceTree = "<group>"; };
		82A634A91755A27C00880849 /* ReaderThumbCache.h */ = {isa = PBXFileReference; lastKnownFileType = sourcecode.c.h; name = ReaderThumbCache.h; path = ../Graphics/ReaderThumbCache.h; sourceTree = "<group>"; };
		82A634AA1755A27C00880849 /* ReaderThumbCache.m */ = {isa = PBXFileReference; lastKnownFileType = sourcecode.c.objc; name = ReaderThumbCache.m; path = ../Graphics/ReaderThumbCache.m; sourceTree = "<group>"; };
		82A634AB1755A27C00880849 /* ReaderThumbFetch.h */ = {isa = PBXFileReference; lastKnownFileType = sourcecode.c.h; name = ReaderThumbFetch.h; path = ../Graphics/ReaderThumbFetch.h; sourceTree = "<group>"; };
		82A634AC1755A27C00880849 /* ReaderThumbFetch.m */ = {isa = PBXFileReference; lastKnownFileType = sourcecode.c.objc; name = ReaderThumbFetch.m; path = ../Graphics/ReaderThumbFetch.m; sourceTree = "<group>"; };
		82A634AD1755A27C00880849 /* ReaderThumbQueue.h */ = {isa = PBXFileReference; lastKnownFileType = sourcecode.c.h; name = ReaderThumbQueue.h; path = ../Graphics/ReaderThumbQueue.h; sourceTree = "<group>"; };
		82A634AE1755A27C00880849 /* ReaderThumbQueue.m */ = {isa = PBXFileReference; lastKnownFileType = sourcecode.c.objc; name = ReaderThumbQueue.m; path = ../Graphics/ReaderThumbQueue.m; sourceTree = "<group>"; };
		82A634AF1755A27C00880849 /* ReaderThumbRender.h */ = {isa = PBXFileReference; lastKnownFileType = sourcecode.c.h; name = ReaderThumbRender.h; path = ../Graphics/ReaderThumbRender.h; sourceTree = "<group>"; };
		82A634B01755A27C00880849 /* ReaderThumbRender.m */ = {isa = PBXFileReference; lastKnownFileType = sourcecode.c.objc; name = ReaderThumbRender.m; path = ../Graphics/ReaderThumbRender.m; sourceTree = "<group>"; };
		82A634B11755A27C00880849 /* ReaderThumbRequest.h */ = {isa = PBXFileReference; lastKnownFileType = sourcecode.c.h; name = ReaderThumbRequest.h; path = ../Graphics/ReaderThumbRequest.h; sourceTree = "<group>"; };
		82A634B21755A27C00880849 /* ReaderThumbRequest.m */ = {isa = PBXFileReference; lastKnownFileType = sourcecode.c.objc; name = ReaderThumbRequest.m; path = ../Graphics/ReaderThumbRequest.m; sourceTree = "<group>"; };
		82A634B31755A27C00880849 /* ReaderThumbsView.h */ = {isa = PBXFileReference; lastKnownFileType = sourcecode.c.h; name = ReaderThumbsView.h; path = ../Graphics/ReaderThumbsView.h; sourceTree = "<group>"; };
		82A634B41755A27C00880849 /* ReaderThumbsView.m */ = {isa = PBXFileReference; lastKnownFileType = sourcecode.c.objc; name = ReaderThumbsView.m; path = ../Graphics/ReaderThumbsView.m; sourceTree = "<group>"; };
		82A634B51755A27C00880849 /* ReaderThumbView.h */ = {isa = PBXFileReference; lastKnownFileType = sourcecode.c.h; name = ReaderThumbView.h; path = ../Graphics/ReaderThumbView.h; sourceTree = "<group>"; };
		82A634B61755A27C00880849 /* ReaderThumbView.m */ = {isa = PBXFileReference; lastKnownFileType = sourcecode.c.objc; name = ReaderThumbView.m; path = ../Graphics/ReaderThumbView.m; sourceTree = "<group>"; };
		82A634B71755A27C00880849 /* ReaderViewController.h */ = {isa = PBXFileReference; lastKnownFileType = sourcecode.c.h; name = ReaderViewController.h; path = ../Graphics/ReaderViewController.h; sourceTree = "<group>"; };
		82A634B81755A27C00880849 /* ReaderViewController.m */ = {isa = PBXFileReference; lastKnownFileType = sourcecode.c.objc; name = ReaderViewController.m; path = ../Graphics/ReaderViewController.m; sourceTree = "<group>"; };
		82A634B91755A27C00880849 /* ThumbsMainToolbar.h */ = {isa = PBXFileReference; lastKnownFileType = sourcecode.c.h; name = ThumbsMainToolbar.h; path = ../Graphics/ThumbsMainToolbar.h; sourceTree = "<group>"; };
		82A634BA1755A27C00880849 /* ThumbsMainToolbar.m */ = {isa = PBXFileReference; lastKnownFileType = sourcecode.c.objc; name = ThumbsMainToolbar.m; path = ../Graphics/ThumbsMainToolbar.m; sourceTree = "<group>"; };
		82A634BB1755A27C00880849 /* ThumbsViewController.h */ = {isa = PBXFileReference; lastKnownFileType = sourcecode.c.h; name = ThumbsViewController.h; path = ../Graphics/ThumbsViewController.h; sourceTree = "<group>"; };
		82A634BC1755A27C00880849 /* ThumbsViewController.m */ = {isa = PBXFileReference; lastKnownFileType = sourcecode.c.objc; name = ThumbsViewController.m; path = ../Graphics/ThumbsViewController.m; sourceTree = "<group>"; };
		82A634BD1755A27C00880849 /* UIXToolbarView.h */ = {isa = PBXFileReference; lastKnownFileType = sourcecode.c.h; name = UIXToolbarView.h; path = ../Graphics/UIXToolbarView.h; sourceTree = "<group>"; };
		82A634BE1755A27C00880849 /* UIXToolbarView.m */ = {isa = PBXFileReference; lastKnownFileType = sourcecode.c.objc; name = UIXToolbarView.m; path = ../Graphics/UIXToolbarView.m; sourceTree = "<group>"; };
		82A6CF9A1749416600BDB8E8 /* ManageClientsDetailViewController.h */ = {isa = PBXFileReference; fileEncoding = 4; lastKnownFileType = sourcecode.c.h; path = ManageClientsDetailViewController.h; sourceTree = "<group>"; };
		82A6CF9B1749416600BDB8E8 /* ManageClientsDetailViewController.m */ = {isa = PBXFileReference; fileEncoding = 4; lastKnownFileType = sourcecode.c.objc; path = ManageClientsDetailViewController.m; sourceTree = "<group>"; };
		82A9FEE2175599CC00A41AF8 /* QuartzCore.framework */ = {isa = PBXFileReference; lastKnownFileType = wrapper.framework; name = QuartzCore.framework; path = System/Library/Frameworks/QuartzCore.framework; sourceTree = SDKROOT; };
		82A9FEEB17559A6800A41AF8 /* AppIcon-057.png */ = {isa = PBXFileReference; lastKnownFileType = image.png; path = "AppIcon-057.png"; sourceTree = "<group>"; };
		82A9FEEC17559A6800A41AF8 /* AppIcon-072.png */ = {isa = PBXFileReference; lastKnownFileType = image.png; path = "AppIcon-072.png"; sourceTree = "<group>"; };
		82A9FEED17559A6800A41AF8 /* AppIcon-114.png */ = {isa = PBXFileReference; lastKnownFileType = image.png; path = "AppIcon-114.png"; sourceTree = "<group>"; };
		82A9FEEE17559A6800A41AF8 /* AppIcon-144.png */ = {isa = PBXFileReference; lastKnownFileType = image.png; path = "AppIcon-144.png"; sourceTree = "<group>"; };
		82A9FEEF17559A6800A41AF8 /* Reader-Button-H.png */ = {isa = PBXFileReference; lastKnownFileType = image.png; path = "Reader-Button-H.png"; sourceTree = "<group>"; };
		82A9FEF017559A6800A41AF8 /* Reader-Button-H@2x.png */ = {isa = PBXFileReference; lastKnownFileType = image.png; path = "Reader-Button-H@2x.png"; sourceTree = "<group>"; };
		82A9FEF117559A6800A41AF8 /* Reader-Button-N.png */ = {isa = PBXFileReference; lastKnownFileType = image.png; path = "Reader-Button-N.png"; sourceTree = "<group>"; };
		82A9FEF217559A6800A41AF8 /* Reader-Button-N@2x.png */ = {isa = PBXFileReference; lastKnownFileType = image.png; path = "Reader-Button-N@2x.png"; sourceTree = "<group>"; };
		82A9FEF317559A6800A41AF8 /* Reader-Email.png */ = {isa = PBXFileReference; lastKnownFileType = image.png; path = "Reader-Email.png"; sourceTree = "<group>"; };
		82A9FEF417559A6800A41AF8 /* Reader-Email@2x.png */ = {isa = PBXFileReference; lastKnownFileType = image.png; path = "Reader-Email@2x.png"; sourceTree = "<group>"; };
		82A9FEF517559A6800A41AF8 /* Reader-Mark-N.png */ = {isa = PBXFileReference; lastKnownFileType = image.png; path = "Reader-Mark-N.png"; sourceTree = "<group>"; };
		82A9FEF617559A6800A41AF8 /* Reader-Mark-N@2x.png */ = {isa = PBXFileReference; lastKnownFileType = image.png; path = "Reader-Mark-N@2x.png"; sourceTree = "<group>"; };
		82A9FEF717559A6800A41AF8 /* Reader-Mark-Y.png */ = {isa = PBXFileReference; lastKnownFileType = image.png; path = "Reader-Mark-Y.png"; sourceTree = "<group>"; };
		82A9FEF817559A6800A41AF8 /* Reader-Mark-Y@2x.png */ = {isa = PBXFileReference; lastKnownFileType = image.png; path = "Reader-Mark-Y@2x.png"; sourceTree = "<group>"; };
		82A9FEF917559A6800A41AF8 /* Reader-Print.png */ = {isa = PBXFileReference; lastKnownFileType = image.png; path = "Reader-Print.png"; sourceTree = "<group>"; };
		82A9FEFA17559A6800A41AF8 /* Reader-Print@2x.png */ = {isa = PBXFileReference; lastKnownFileType = image.png; path = "Reader-Print@2x.png"; sourceTree = "<group>"; };
		82A9FEFB17559A6800A41AF8 /* Reader-Thumbs.png */ = {isa = PBXFileReference; lastKnownFileType = image.png; path = "Reader-Thumbs.png"; sourceTree = "<group>"; };
		82A9FEFC17559A6800A41AF8 /* Reader-Thumbs@2x.png */ = {isa = PBXFileReference; lastKnownFileType = image.png; path = "Reader-Thumbs@2x.png"; sourceTree = "<group>"; };
		82A9FF2B17559A6800A41AF8 /* typo_tips.pdf */ = {isa = PBXFileReference; lastKnownFileType = image.pdf; path = typo_tips.pdf; sourceTree = "<group>"; };
		82A9FF5817559D4B00A41AF8 /* tree.jpg */ = {isa = PBXFileReference; lastKnownFileType = image.jpeg; name = tree.jpg; path = ../Downloads/attachments/PDFMaker/PDFViewer/tree.jpg; sourceTree = "<group>"; };
		82EDE1D4173F19DD00E27BB3 /* BG.png */ = {isa = PBXFileReference; lastKnownFileType = image.png; path = BG.png; sourceTree = "<group>"; };
		82EDE1D7173F1A5E00E27BB3 /* LogInViewController.h */ = {isa = PBXFileReference; fileEncoding = 4; lastKnownFileType = sourcecode.c.h; path = LogInViewController.h; sourceTree = "<group>"; };
		82EDE1D8173F1A5E00E27BB3 /* LogInViewController.m */ = {isa = PBXFileReference; fileEncoding = 4; lastKnownFileType = sourcecode.c.objc; path = LogInViewController.m; sourceTree = "<group>"; };
		82EDE1DA173F1DF200E27BB3 /* Logo.png */ = {isa = PBXFileReference; lastKnownFileType = image.png; path = Logo.png; sourceTree = "<group>"; };
		82EDE1E7173F264D00E27BB3 /* MainMenuViewController.h */ = {isa = PBXFileReference; lastKnownFileType = sourcecode.c.h; path = MainMenuViewController.h; sourceTree = "<group>"; };
		82EDE1E8173F264D00E27BB3 /* MainMenuViewController.m */ = {isa = PBXFileReference; lastKnownFileType = sourcecode.c.objc; path = MainMenuViewController.m; sourceTree = "<group>"; };
		82EDE1E9173F2ABA00E27BB3 /* displayMenuBtn.png */ = {isa = PBXFileReference; lastKnownFileType = image.png; path = displayMenuBtn.png; sourceTree = "<group>"; };
/* End PBXFileReference section */

/* Begin PBXFrameworksBuildPhase section */
		13283BAF1735B0CE00E2C286 /* Frameworks */ = {
			isa = PBXFrameworksBuildPhase;
			buildActionMask = 2147483647;
			files = (
				82A9FEE3175599CC00A41AF8 /* QuartzCore.framework in Frameworks */,
				13283BB61735B0CE00E2C286 /* UIKit.framework in Frameworks */,
				13283BB81735B0CE00E2C286 /* Foundation.framework in Frameworks */,
				13283BBA1735B0CE00E2C286 /* CoreGraphics.framework in Frameworks */,
				13283BBC1735B0CE00E2C286 /* CoreData.framework in Frameworks */,
			);
			runOnlyForDeploymentPostprocessing = 0;
		};
/* End PBXFrameworksBuildPhase section */

/* Begin PBXGroup section */
		13283BA91735B0CE00E2C286 = {
			isa = PBXGroup;
			children = (
				82A9FEE417559A6800A41AF8 /* PDFViewer */,
				1332BC92173F59DF0082D8A8 /* DataModels */,
				82EDE1D6173F19ED00E27BB3 /* ViewControllers */,
				13283BBD1735B0CE00E2C286 /* LaParisienneBakery */,
				13283BD91735B77000E2C286 /* Storyboard */,
				82EDE1D3173F19C400E27BB3 /* Images */,
				13283BB41735B0CE00E2C286 /* Frameworks */,
				13283BB31735B0CE00E2C286 /* Products */,
			);
			sourceTree = "<group>";
		};
		13283BB31735B0CE00E2C286 /* Products */ = {
			isa = PBXGroup;
			children = (
				13283BB21735B0CE00E2C286 /* LaParisienneBakery.app */,
			);
			name = Products;
			sourceTree = "<group>";
		};
		13283BB41735B0CE00E2C286 /* Frameworks */ = {
			isa = PBXGroup;
			children = (
				82A9FEE2175599CC00A41AF8 /* QuartzCore.framework */,
				13283BB51735B0CE00E2C286 /* UIKit.framework */,
				13283BB71735B0CE00E2C286 /* Foundation.framework */,
				13283BB91735B0CE00E2C286 /* CoreGraphics.framework */,
				13283BBB1735B0CE00E2C286 /* CoreData.framework */,
			);
			name = Frameworks;
			sourceTree = "<group>";
		};
		13283BBD1735B0CE00E2C286 /* LaParisienneBakery */ = {
			isa = PBXGroup;
			children = (
				13283BC61735B0CE00E2C286 /* AppDelegate.h */,
				13283BC71735B0CE00E2C286 /* AppDelegate.m */,
				13283BCF1735B0CE00E2C286 /* LaParisienneBakery.xcdatamodeld */,
				13283BBE1735B0CE00E2C286 /* Supporting Files */,
			);
			path = LaParisienneBakery;
			sourceTree = "<group>";
		};
		13283BBE1735B0CE00E2C286 /* Supporting Files */ = {
			isa = PBXGroup;
			children = (
				13283BBF1735B0CE00E2C286 /* LaParisienneBakery-Info.plist */,
				13283BC01735B0CE00E2C286 /* InfoPlist.strings */,
				13283BC31735B0CE00E2C286 /* main.m */,
				13283BC51735B0CE00E2C286 /* LaParisienneBakery-Prefix.pch */,
				13283BC91735B0CE00E2C286 /* Default.png */,
				13283BCB1735B0CE00E2C286 /* Default@2x.png */,
				13283BCD1735B0CE00E2C286 /* Default-568h@2x.png */,
			);
			name = "Supporting Files";
			sourceTree = "<group>";
		};
		13283BD91735B77000E2C286 /* Storyboard */ = {
			isa = PBXGroup;
			children = (
				13283BD71735B76800E2C286 /* Storyboard.storyboard */,
			);
			name = Storyboard;
			sourceTree = "<group>";
		};
		1332BC92173F59DF0082D8A8 /* DataModels */ = {
			isa = PBXGroup;
			children = (
				1332BC83173F59D70082D8A8 /* Invoice_Lines.h */,
				1332BC84173F59D70082D8A8 /* Invoice_Lines.m */,
				1332BC85173F59D80082D8A8 /* Customer.h */,
				1332BC86173F59D80082D8A8 /* Customer.m */,
				1332BC87173F59D80082D8A8 /* User.h */,
				1332BC88173F59D80082D8A8 /* User.m */,
				1332BC89173F59D80082D8A8 /* Invoice.h */,
				1332BC8A173F59D80082D8A8 /* Invoice.m */,
				1332BC8B173F59D80082D8A8 /* Product.h */,
				1332BC8C173F59D80082D8A8 /* Product.m */,
			);
			name = DataModels;
			sourceTree = "<group>";
		};
		829A467E174AFE9600B3B136 /* User */ = {
			isa = PBXGroup;
			children = (
				133B4CC0173F5B7B00671615 /* UserManagmentViewController.h */,
				133B4CC1173F5B7B00671615 /* UserManagmentViewController.m */,
				829A4681174AFFE900B3B136 /* UserManagmentDetailViewController.h */,
				829A4682174AFFE900B3B136 /* UserManagmentDetailViewController.m */,
			);
			name = User;
			sourceTree = "<group>";
		};
		829A467F174AFE9F00B3B136 /* Invoice */ = {
			isa = PBXGroup;
			children = (
				8214190D175396E20001CEF0 /* ChooseClientForInvoiceViewController.h */,
				8214190E175396E20001CEF0 /* ChooseClientForInvoiceViewController.m */,
				829A468A174B098400B3B136 /* ManageInvoicesViewController.h */,
				829A468B174B098400B3B136 /* ManageInvoicesViewController.m */,
				8214191217539C510001CEF0 /* ChooseProductsForInvoiceViewController.h */,
				8214191317539C510001CEF0 /* ChooseProductsForInvoiceViewController.m */,
				829A468D174B099800B3B136 /* ManageInvoicesDetailViewController.h */,
				829A468E174B099800B3B136 /* ManageInvoicesDetailViewController.m */,
			);
			name = Invoice;
			sourceTree = "<group>";
		};
		829A4680174AFEAF00B3B136 /* Products */ = {
			isa = PBXGroup;
			children = (
				829A4684174B053600B3B136 /* ManageProductsViewController.h */,
				829A4685174B053600B3B136 /* ManageProductsViewController.m */,
				829A4687174B06AA00B3B136 /* ManageProductsDetailViewController.h */,
				829A4688174B06AA00B3B136 /* ManageProductsDetailViewController.m */,
			);
			name = Products;
			sourceTree = "<group>";
		};
		82A6CF991749412E00BDB8E8 /* Customer */ = {
			isa = PBXGroup;
			children = (
				133B4CC31745F7BD00671615 /* ManageClientsViewController.h */,
				133B4CC41745F7BE00671615 /* ManageClientsViewController.m */,
				82A6CF9A1749416600BDB8E8 /* ManageClientsDetailViewController.h */,
				82A6CF9B1749416600BDB8E8 /* ManageClientsDetailViewController.m */,
			);
			name = Customer;
			sourceTree = "<group>";
		};
		82A9FEE417559A6800A41AF8 /* PDFViewer */ = {
			isa = PBXGroup;
			children = (
				82A9FEEA17559A6800A41AF8 /* Graphics */,
				82A9FF0417559A6800A41AF8 /* Sources */,
				82A9FF2B17559A6800A41AF8 /* typo_tips.pdf */,
			);
			path = PDFViewer;
			sourceTree = "<group>";
		};
		82A9FEEA17559A6800A41AF8 /* Graphics */ = {
			isa = PBXGroup;
			children = (
				82A9FEEB17559A6800A41AF8 /* AppIcon-057.png */,
				82A9FEEC17559A6800A41AF8 /* AppIcon-072.png */,
				82A9FEED17559A6800A41AF8 /* AppIcon-114.png */,
				82A9FEEE17559A6800A41AF8 /* AppIcon-144.png */,
				82A9FEEF17559A6800A41AF8 /* Reader-Button-H.png */,
				82A9FEF017559A6800A41AF8 /* Reader-Button-H@2x.png */,
				82A9FEF117559A6800A41AF8 /* Reader-Button-N.png */,
				82A9FEF217559A6800A41AF8 /* Reader-Button-N@2x.png */,
				82A9FEF317559A6800A41AF8 /* Reader-Email.png */,
				82A9FEF417559A6800A41AF8 /* Reader-Email@2x.png */,
				82A9FEF517559A6800A41AF8 /* Reader-Mark-N.png */,
				82A9FEF617559A6800A41AF8 /* Reader-Mark-N@2x.png */,
				82A9FEF717559A6800A41AF8 /* Reader-Mark-Y.png */,
				82A9FEF817559A6800A41AF8 /* Reader-Mark-Y@2x.png */,
				82A9FEF917559A6800A41AF8 /* Reader-Print.png */,
				82A9FEFA17559A6800A41AF8 /* Reader-Print@2x.png */,
				82A9FEFB17559A6800A41AF8 /* Reader-Thumbs.png */,
				82A9FEFC17559A6800A41AF8 /* Reader-Thumbs@2x.png */,
			);
			path = Graphics;
			sourceTree = "<group>";
		};
		82A9FF0417559A6800A41AF8 /* Sources */ = {
			isa = PBXGroup;
			children = (
				82A634991755A27C00880849 /* CGPDFDocument.h */,
				82A6349A1755A27C00880849 /* CGPDFDocument.m */,
				82A6349B1755A27C00880849 /* ReaderConstants.h */,
				82A6349C1755A27C00880849 /* ReaderConstants.m */,
				82A6349D1755A27C00880849 /* ReaderContentPage.h */,
				82A6349E1755A27C00880849 /* ReaderContentPage.m */,
				82A6349F1755A27C00880849 /* ReaderContentTile.h */,
				82A634A01755A27C00880849 /* ReaderContentTile.m */,
				82A634A11755A27C00880849 /* ReaderContentView.h */,
				82A634A21755A27C00880849 /* ReaderContentView.m */,
				82A634A31755A27C00880849 /* ReaderDocument.h */,
				82A634A41755A27C00880849 /* ReaderDocument.m */,
				82A634A51755A27C00880849 /* ReaderMainPagebar.h */,
				82A634A61755A27C00880849 /* ReaderMainPagebar.m */,
				82A634A71755A27C00880849 /* ReaderMainToolbar.h */,
				82A634A81755A27C00880849 /* ReaderMainToolbar.m */,
				82A634A91755A27C00880849 /* ReaderThumbCache.h */,
				82A634AA1755A27C00880849 /* ReaderThumbCache.m */,
				82A634AB1755A27C00880849 /* ReaderThumbFetch.h */,
				82A634AC1755A27C00880849 /* ReaderThumbFetch.m */,
				82A634AD1755A27C00880849 /* ReaderThumbQueue.h */,
				82A634AE1755A27C00880849 /* ReaderThumbQueue.m */,
				82A634AF1755A27C00880849 /* ReaderThumbRender.h */,
				82A634B01755A27C00880849 /* ReaderThumbRender.m */,
				82A634B11755A27C00880849 /* ReaderThumbRequest.h */,
				82A634B21755A27C00880849 /* ReaderThumbRequest.m */,
				82A634B31755A27C00880849 /* ReaderThumbsView.h */,
				82A634B41755A27C00880849 /* ReaderThumbsView.m */,
				82A634B51755A27C00880849 /* ReaderThumbView.h */,
				82A634B61755A27C00880849 /* ReaderThumbView.m */,
				82A634B71755A27C00880849 /* ReaderViewController.h */,
				82A634B81755A27C00880849 /* ReaderViewController.m */,
				82A634B91755A27C00880849 /* ThumbsMainToolbar.h */,
				82A634BA1755A27C00880849 /* ThumbsMainToolbar.m */,
				82A634BB1755A27C00880849 /* ThumbsViewController.h */,
				82A634BC1755A27C00880849 /* ThumbsViewController.m */,
				82A634BD1755A27C00880849 /* UIXToolbarView.h */,
				82A634BE1755A27C00880849 /* UIXToolbarView.m */,
			);
			path = Sources;
			sourceTree = "<group>";
		};
		82EDE1D3173F19C400E27BB3 /* Images */ = {
			isa = PBXGroup;
			children = (
				82A9FF5817559D4B00A41AF8 /* tree.jpg */,
				82EDE1E9173F2ABA00E27BB3 /* displayMenuBtn.png */,
				82EDE1DA173F1DF200E27BB3 /* Logo.png */,
				82141910175398610001CEF0 /* LogoInv.png */,
				82EDE1D4173F19DD00E27BB3 /* BG.png */,
			);
			name = Images;
			sourceTree = "<group>";
		};
		82EDE1D6173F19ED00E27BB3 /* ViewControllers */ = {
			isa = PBXGroup;
			children = (
				82A6CF991749412E00BDB8E8 /* Customer */,
				829A4680174AFEAF00B3B136 /* Products */,
				829A467E174AFE9600B3B136 /* User */,
				829A467F174AFE9F00B3B136 /* Invoice */,
				82EDE1D7173F1A5E00E27BB3 /* LogInViewController.h */,
				82EDE1D8173F1A5E00E27BB3 /* LogInViewController.m */,
				82EDE1E7173F264D00E27BB3 /* MainMenuViewController.h */,
				82EDE1E8173F264D00E27BB3 /* MainMenuViewController.m */,
			);
			name = ViewControllers;
			sourceTree = "<group>";
		};
/* End PBXGroup section */

/* Begin PBXNativeTarget section */
		13283BB11735B0CE00E2C286 /* LaParisienneBakery */ = {
			isa = PBXNativeTarget;
			buildConfigurationList = 13283BD41735B0CE00E2C286 /* Build configuration list for PBXNativeTarget "LaParisienneBakery" */;
			buildPhases = (
				13283BAE1735B0CE00E2C286 /* Sources */,
				13283BAF1735B0CE00E2C286 /* Frameworks */,
				13283BB01735B0CE00E2C286 /* Resources */,
			);
			buildRules = (
			);
			dependencies = (
			);
			name = LaParisienneBakery;
			productName = LaParisienneBakery;
			productReference = 13283BB21735B0CE00E2C286 /* LaParisienneBakery.app */;
			productType = "com.apple.product-type.application";
		};
/* End PBXNativeTarget section */

/* Begin PBXProject section */
		13283BAA1735B0CE00E2C286 /* Project object */ = {
			isa = PBXProject;
			attributes = {
				LastUpgradeCheck = 0460;
				ORGANIZATIONNAME = cynthia;
			};
			buildConfigurationList = 13283BAD1735B0CE00E2C286 /* Build configuration list for PBXProject "LaParisienneBakery" */;
			compatibilityVersion = "Xcode 3.2";
			developmentRegion = English;
			hasScannedForEncodings = 0;
			knownRegions = (
				en,
			);
			mainGroup = 13283BA91735B0CE00E2C286;
			productRefGroup = 13283BB31735B0CE00E2C286 /* Products */;
			projectDirPath = "";
			projectRoot = "";
			targets = (
				13283BB11735B0CE00E2C286 /* LaParisienneBakery */,
			);
		};
/* End PBXProject section */

/* Begin PBXResourcesBuildPhase section */
		13283BB01735B0CE00E2C286 /* Resources */ = {
			isa = PBXResourcesBuildPhase;
			buildActionMask = 2147483647;
			files = (
				13283BC21735B0CE00E2C286 /* InfoPlist.strings in Resources */,
				13283BCE1735B0CE00E2C286 /* Default-568h@2x.png in Resources */,
				13283BD81735B76800E2C286 /* Storyboard.storyboard in Resources */,
				82EDE1D5173F19DD00E27BB3 /* BG.png in Resources */,
				82EDE1DB173F1DF200E27BB3 /* Logo.png in Resources */,
				82EDE1EA173F2ABA00E27BB3 /* displayMenuBtn.png in Resources */,
				82141911175398610001CEF0 /* LogoInv.png in Resources */,
				82A9FF2E17559A6800A41AF8 /* AppIcon-057.png in Resources */,
				82A9FF2F17559A6800A41AF8 /* AppIcon-072.png in Resources */,
				82A9FF3017559A6800A41AF8 /* AppIcon-114.png in Resources */,
				82A9FF3117559A6800A41AF8 /* AppIcon-144.png in Resources */,
				82A9FF3217559A6800A41AF8 /* Reader-Button-H.png in Resources */,
				82A9FF3317559A6800A41AF8 /* Reader-Button-H@2x.png in Resources */,
				82A9FF3417559A6800A41AF8 /* Reader-Button-N.png in Resources */,
				82A9FF3517559A6800A41AF8 /* Reader-Button-N@2x.png in Resources */,
				82A9FF3617559A6800A41AF8 /* Reader-Email.png in Resources */,
				82A9FF3717559A6800A41AF8 /* Reader-Email@2x.png in Resources */,
				82A9FF3817559A6800A41AF8 /* Reader-Mark-N.png in Resources */,
				82A9FF3917559A6800A41AF8 /* Reader-Mark-N@2x.png in Resources */,
				82A9FF3A17559A6800A41AF8 /* Reader-Mark-Y.png in Resources */,
				82A9FF3B17559A6800A41AF8 /* Reader-Mark-Y@2x.png in Resources */,
				82A9FF3C17559A6800A41AF8 /* Reader-Print.png in Resources */,
				82A9FF3D17559A6800A41AF8 /* Reader-Print@2x.png in Resources */,
				82A9FF3E17559A6800A41AF8 /* Reader-Thumbs.png in Resources */,
				82A9FF3F17559A6800A41AF8 /* Reader-Thumbs@2x.png in Resources */,
				82A9FF5717559A6800A41AF8 /* typo_tips.pdf in Resources */,
				82A9FF5917559D4B00A41AF8 /* tree.jpg in Resources */,
			);
			runOnlyForDeploymentPostprocessing = 0;
		};
/* End PBXResourcesBuildPhase section */

/* Begin PBXSourcesBuildPhase section */
		13283BAE1735B0CE00E2C286 /* Sources */ = {
			isa = PBXSourcesBuildPhase;
			buildActionMask = 2147483647;
			files = (
				13283BC41735B0CE00E2C286 /* main.m in Sources */,
				13283BC81735B0CE00E2C286 /* AppDelegate.m in Sources */,
				13283BD11735B0CE00E2C286 /* LaParisienneBakery.xcdatamodeld in Sources */,
				82EDE1D9173F1A5E00E27BB3 /* LogInViewController.m in Sources */,
				82EDE1EB173F2C7300E27BB3 /* MainMenuViewController.m in Sources */,
				1332BC8D173F59D80082D8A8 /* Invoice_Lines.m in Sources */,
				1332BC8E173F59D80082D8A8 /* Customer.m in Sources */,
				1332BC8F173F59D80082D8A8 /* User.m in Sources */,
				1332BC90173F59D80082D8A8 /* Invoice.m in Sources */,
				1332BC91173F59D80082D8A8 /* Product.m in Sources */,
				133B4CC2173F5B7B00671615 /* UserManagmentViewController.m in Sources */,
				133B4CC51745F7BE00671615 /* ManageClientsViewController.m in Sources */,
				82A6CF9C1749416600BDB8E8 /* ManageClientsDetailViewController.m in Sources */,
				829A4683174AFFE900B3B136 /* UserManagmentDetailViewController.m in Sources */,
				829A4686174B053600B3B136 /* ManageProductsViewController.m in Sources */,
				829A4689174B06AA00B3B136 /* ManageProductsDetailViewController.m in Sources */,
				829A468C174B098400B3B136 /* ManageInvoicesViewController.m in Sources */,
				829A468F174B099800B3B136 /* ManageInvoicesDetailViewController.m in Sources */,
				8214190F175396E20001CEF0 /* ChooseClientForInvoiceViewController.m in Sources */,
				8214191417539C510001CEF0 /* ChooseProductsForInvoiceViewController.m in Sources */,
			);
			runOnlyForDeploymentPostprocessing = 0;
		};
/* End PBXSourcesBuildPhase section */

/* Begin PBXVariantGroup section */
		13283BC01735B0CE00E2C286 /* InfoPlist.strings */ = {
			isa = PBXVariantGroup;
			children = (
				13283BC11735B0CE00E2C286 /* en */,
			);
			name = InfoPlist.strings;
			sourceTree = "<group>";
		};
/* End PBXVariantGroup section */

/* Begin XCBuildConfiguration section */
		13283BD21735B0CE00E2C286 /* Debug */ = {
			isa = XCBuildConfiguration;
			buildSettings = {
				ALWAYS_SEARCH_USER_PATHS = NO;
				CLANG_CXX_LANGUAGE_STANDARD = "gnu++0x";
				CLANG_CXX_LIBRARY = "libc++";
				CLANG_ENABLE_OBJC_ARC = YES;
				CLANG_WARN_CONSTANT_CONVERSION = YES;
				CLANG_WARN_EMPTY_BODY = YES;
				CLANG_WARN_ENUM_CONVERSION = YES;
				CLANG_WARN_INT_CONVERSION = YES;
				CLANG_WARN__DUPLICATE_METHOD_MATCH = YES;
				"CODE_SIGN_IDENTITY[sdk=iphoneos*]" = "iPhone Developer";
				COPY_PHASE_STRIP = NO;
				GCC_C_LANGUAGE_STANDARD = gnu99;
				GCC_DYNAMIC_NO_PIC = NO;
				GCC_OPTIMIZATION_LEVEL = 0;
				GCC_PREPROCESSOR_DEFINITIONS = (
					"DEBUG=1",
					"$(inherited)",
				);
				GCC_SYMBOLS_PRIVATE_EXTERN = NO;
				GCC_WARN_ABOUT_RETURN_TYPE = YES;
				GCC_WARN_UNINITIALIZED_AUTOS = YES;
				GCC_WARN_UNUSED_VARIABLE = YES;
				IPHONEOS_DEPLOYMENT_TARGET = 6.1;
				ONLY_ACTIVE_ARCH = YES;
				SDKROOT = iphoneos;
				TARGETED_DEVICE_FAMILY = 2;
			};
			name = Debug;
		};
		13283BD31735B0CE00E2C286 /* Release */ = {
			isa = XCBuildConfiguration;
			buildSettings = {
				ALWAYS_SEARCH_USER_PATHS = NO;
				CLANG_CXX_LANGUAGE_STANDARD = "gnu++0x";
				CLANG_CXX_LIBRARY = "libc++";
				CLANG_ENABLE_OBJC_ARC = YES;
				CLANG_WARN_CONSTANT_CONVERSION = YES;
				CLANG_WARN_EMPTY_BODY = YES;
				CLANG_WARN_ENUM_CONVERSION = YES;
				CLANG_WARN_INT_CONVERSION = YES;
				CLANG_WARN__DUPLICATE_METHOD_MATCH = YES;
				"CODE_SIGN_IDENTITY[sdk=iphoneos*]" = "iPhone Developer";
				COPY_PHASE_STRIP = YES;
				GCC_C_LANGUAGE_STANDARD = gnu99;
				GCC_WARN_ABOUT_RETURN_TYPE = YES;
				GCC_WARN_UNINITIALIZED_AUTOS = YES;
				GCC_WARN_UNUSED_VARIABLE = YES;
				IPHONEOS_DEPLOYMENT_TARGET = 6.1;
				OTHER_CFLAGS = "-DNS_BLOCK_ASSERTIONS=1";
				SDKROOT = iphoneos;
				TARGETED_DEVICE_FAMILY = 2;
				VALIDATE_PRODUCT = YES;
			};
			name = Release;
		};
		13283BD51735B0CE00E2C286 /* Debug */ = {
			isa = XCBuildConfiguration;
			buildSettings = {
				GCC_PRECOMPILE_PREFIX_HEADER = YES;
				GCC_PREFIX_HEADER = "LaParisienneBakery/LaParisienneBakery-Prefix.pch";
				INFOPLIST_FILE = "LaParisienneBakery/LaParisienneBakery-Info.plist";
				ONLY_ACTIVE_ARCH = NO;
				PRODUCT_NAME = "$(TARGET_NAME)";
				WRAPPER_EXTENSION = app;
			};
			name = Debug;
		};
		13283BD61735B0CE00E2C286 /* Release */ = {
			isa = XCBuildConfiguration;
			buildSettings = {
				GCC_PRECOMPILE_PREFIX_HEADER = YES;
				GCC_PREFIX_HEADER = "LaParisienneBakery/LaParisienneBakery-Prefix.pch";
				INFOPLIST_FILE = "LaParisienneBakery/LaParisienneBakery-Info.plist";
				ONLY_ACTIVE_ARCH = NO;
				PRODUCT_NAME = "$(TARGET_NAME)";
				WRAPPER_EXTENSION = app;
			};
			name = Release;
		};
/* End XCBuildConfiguration section */

/* Begin XCConfigurationList section */
		13283BAD1735B0CE00E2C286 /* Build configuration list for PBXProject "LaParisienneBakery" */ = {
			isa = XCConfigurationList;
			buildConfigurations = (
				13283BD21735B0CE00E2C286 /* Debug */,
				13283BD31735B0CE00E2C286 /* Release */,
			);
			defaultConfigurationIsVisible = 0;
			defaultConfigurationName = Release;
		};
		13283BD41735B0CE00E2C286 /* Build configuration list for PBXNativeTarget "LaParisienneBakery" */ = {
			isa = XCConfigurationList;
			buildConfigurations = (
				13283BD51735B0CE00E2C286 /* Debug */,
				13283BD61735B0CE00E2C286 /* Release */,
			);
			defaultConfigurationIsVisible = 0;
			defaultConfigurationName = Release;
		};
/* End XCConfigurationList section */

/* Begin XCVersionGroup section */
		13283BCF1735B0CE00E2C286 /* LaParisienneBakery.xcdatamodeld */ = {
			isa = XCVersionGroup;
			children = (
				13283BD01735B0CE00E2C286 /* LaParisienneBakery.xcdatamodel */,
			);
			currentVersion = 13283BD01735B0CE00E2C286 /* LaParisienneBakery.xcdatamodel */;
			path = LaParisienneBakery.xcdatamodeld;
			sourceTree = "<group>";
			versionGroupType = wrapper.xcdatamodel;
		};
/* End XCVersionGroup section */
	};
	rootObject = 13283BAA1735B0CE00E2C286 /* Project object */;
}
