// !$*UTF8*$!
{
	archiveVersion = 1;
	classes = {
	};
	objectVersion = 46;
	objects = {

/* Begin PBXBuildFile section */
		13283BB61735B0CE00E2C286 /* UIKit.framework in Frameworks */ = {isa = PBXBuildFile; fileRef = 13283BB51735B0CE00E2C286 /* UIKit.framework */; };
		13283BB81735B0CE00E2C286 /* Foundation.framework in Frameworks */ = {isa = PBXBuildFile; fileRef = 13283BB71735B0CE00E2C286 /* Foundation.framework */; };
		13283BBA1735B0CE00E2C286 /* CoreGraphics.framework in Frameworks */ = {isa = PBXBuildFile; fileRef = 13283BB91735B0CE00E2C286 /* CoreGraphics.framework */; };
		13283BBC1735B0CE00E2C286 /* CoreData.framework in Frameworks */ = {isa = PBXBuildFile; fileRef = 13283BBB1735B0CE00E2C286 /* CoreData.framework */; };
		13283BC21735B0CE00E2C286 /* InfoPlist.strings in Resources */ = {isa = PBXBuildFile; fileRef = 13283BC01735B0CE00E2C286 /* InfoPlist.strings */; };
		13283BC41735B0CE00E2C286 /* main.m in Sources */ = {isa = PBXBuildFile; fileRef = 13283BC31735B0CE00E2C286 /* main.m */; };
		13283BC81735B0CE00E2C286 /* AppDelegate.m in Sources */ = {isa = PBXBuildFile; fileRef = 13283BC71735B0CE00E2C286 /* AppDelegate.m */; };
		13283BCE1735B0CE00E2C286 /* Default-568h@2x.png in Resources */ = {isa = PBXBuildFile; fileRef = 13283BCD1735B0CE00E2C286 /* Default-568h@2x.png */; };
		13283BD11735B0CE00E2C286 /* LaParisienneBakery.xcdatamodeld in Sources */ = {isa = PBXBuildFile; fileRef = 13283BCF1735B0CE00E2C286 /* LaParisienneBakery.xcdatamodeld */; };
		13283BD81735B76800E2C286 /* Storyboard.storyboard in Resources */ = {isa = PBXBuildFile; fileRef = 13283BD71735B76800E2C286 /* Storyboard.storyboard */; };
		1332BC8D173F59D80082D8A8 /* Invoice_Lines.m in Sources */ = {isa = PBXBuildFile; fileRef = 1332BC84173F59D70082D8A8 /* Invoice_Lines.m */; };
		1332BC8E173F59D80082D8A8 /* Customer.m in Sources */ = {isa = PBXBuildFile; fileRef = 1332BC86173F59D80082D8A8 /* Customer.m */; };
		1332BC8F173F59D80082D8A8 /* User.m in Sources */ = {isa = PBXBuildFile; fileRef = 1332BC88173F59D80082D8A8 /* User.m */; };
		1332BC90173F59D80082D8A8 /* Invoice.m in Sources */ = {isa = PBXBuildFile; fileRef = 1332BC8A173F59D80082D8A8 /* Invoice.m */; };
		1332BC91173F59D80082D8A8 /* Product.m in Sources */ = {isa = PBXBuildFile; fileRef = 1332BC8C173F59D80082D8A8 /* Product.m */; };
		133B4CC2173F5B7B00671615 /* UserManagmentViewController.m in Sources */ = {isa = PBXBuildFile; fileRef = 133B4CC1173F5B7B00671615 /* UserManagmentViewController.m */; };
		133B4CC51745F7BE00671615 /* ManageClientsViewController.m in Sources */ = {isa = PBXBuildFile; fileRef = 133B4CC41745F7BE00671615 /* ManageClientsViewController.m */; };
		8214190F175396E20001CEF0 /* ChooseClientForInvoiceViewController.m in Sources */ = {isa = PBXBuildFile; fileRef = 8214190E175396E20001CEF0 /* ChooseClientForInvoiceViewController.m */; };
		8214191417539C510001CEF0 /* ChooseProductsForInvoiceViewController.m in Sources */ = {isa = PBXBuildFile; fileRef = 8214191317539C510001CEF0 /* ChooseProductsForInvoiceViewController.m */; };
		8252BDCA1756ECD50061F803 /* MessageUI.framework in Frameworks */ = {isa = PBXBuildFile; fileRef = 8252BDC91756ECD50061F803 /* MessageUI.framework */; };
		8252BDCC1756ECDE0061F803 /* ImageIO.framework in Frameworks */ = {isa = PBXBuildFile; fileRef = 8252BDCB1756ECDE0061F803 /* ImageIO.framework */; };
		8252BDF41756ED660061F803 /* CGPDFDocument.m in Sources */ = {isa = PBXBuildFile; fileRef = 8252BDCF1756ED660061F803 /* CGPDFDocument.m */; };
		8252BDF51756ED660061F803 /* ReaderConstants.m in Sources */ = {isa = PBXBuildFile; fileRef = 8252BDD11756ED660061F803 /* ReaderConstants.m */; };
		8252BDF61756ED660061F803 /* ReaderContentPage.m in Sources */ = {isa = PBXBuildFile; fileRef = 8252BDD31756ED660061F803 /* ReaderContentPage.m */; };
		8252BDF71756ED660061F803 /* ReaderContentTile.m in Sources */ = {isa = PBXBuildFile; fileRef = 8252BDD51756ED660061F803 /* ReaderContentTile.m */; };
		8252BDF81756ED660061F803 /* ReaderContentView.m in Sources */ = {isa = PBXBuildFile; fileRef = 8252BDD71756ED660061F803 /* ReaderContentView.m */; };
		8252BDF91756ED660061F803 /* ReaderDocument.m in Sources */ = {isa = PBXBuildFile; fileRef = 8252BDD91756ED660061F803 /* ReaderDocument.m */; };
		8252BDFA1756ED660061F803 /* ReaderMainPagebar.m in Sources */ = {isa = PBXBuildFile; fileRef = 8252BDDB1756ED660061F803 /* ReaderMainPagebar.m */; };
		8252BDFB1756ED660061F803 /* ReaderMainToolbar.m in Sources */ = {isa = PBXBuildFile; fileRef = 8252BDDD1756ED660061F803 /* ReaderMainToolbar.m */; };
		8252BDFC1756ED660061F803 /* ReaderThumbCache.m in Sources */ = {isa = PBXBuildFile; fileRef = 8252BDDF1756ED660061F803 /* ReaderThumbCache.m */; };
		8252BDFD1756ED660061F803 /* ReaderThumbFetch.m in Sources */ = {isa = PBXBuildFile; fileRef = 8252BDE11756ED660061F803 /* ReaderThumbFetch.m */; };
		8252BDFE1756ED660061F803 /* ReaderThumbQueue.m in Sources */ = {isa = PBXBuildFile; fileRef = 8252BDE31756ED660061F803 /* ReaderThumbQueue.m */; };
		8252BDFF1756ED660061F803 /* ReaderThumbRender.m in Sources */ = {isa = PBXBuildFile; fileRef = 8252BDE51756ED660061F803 /* ReaderThumbRender.m */; };
		8252BE001756ED660061F803 /* ReaderThumbRequest.m in Sources */ = {isa = PBXBuildFile; fileRef = 8252BDE71756ED660061F803 /* ReaderThumbRequest.m */; };
		8252BE011756ED660061F803 /* ReaderThumbsView.m in Sources */ = {isa = PBXBuildFile; fileRef = 8252BDE91756ED660061F803 /* ReaderThumbsView.m */; };
		8252BE021756ED660061F803 /* ReaderThumbView.m in Sources */ = {isa = PBXBuildFile; fileRef = 8252BDEB1756ED660061F803 /* ReaderThumbView.m */; };
		8252BE031756ED660061F803 /* ReaderViewController.m in Sources */ = {isa = PBXBuildFile; fileRef = 8252BDED1756ED660061F803 /* ReaderViewController.m */; };
		8252BE041756ED660061F803 /* ThumbsMainToolbar.m in Sources */ = {isa = PBXBuildFile; fileRef = 8252BDEF1756ED660061F803 /* ThumbsMainToolbar.m */; };
		8252BE051756ED660061F803 /* ThumbsViewController.m in Sources */ = {isa = PBXBuildFile; fileRef = 8252BDF11756ED660061F803 /* ThumbsViewController.m */; };
		8252BE061756ED660061F803 /* UIXToolbarView.m in Sources */ = {isa = PBXBuildFile; fileRef = 8252BDF31756ED660061F803 /* UIXToolbarView.m */; };
		8252BE20175704600061F803 /* AppIcon-057.png in Resources */ = {isa = PBXBuildFile; fileRef = 8252BE0E175704600061F803 /* AppIcon-057.png */; };
		8252BE21175704600061F803 /* AppIcon-072.png in Resources */ = {isa = PBXBuildFile; fileRef = 8252BE0F175704600061F803 /* AppIcon-072.png */; };
		8252BE22175704600061F803 /* AppIcon-114.png in Resources */ = {isa = PBXBuildFile; fileRef = 8252BE10175704600061F803 /* AppIcon-114.png */; };
		8252BE23175704600061F803 /* AppIcon-144.png in Resources */ = {isa = PBXBuildFile; fileRef = 8252BE11175704600061F803 /* AppIcon-144.png */; };
		8252BE24175704600061F803 /* Reader-Button-H.png in Resources */ = {isa = PBXBuildFile; fileRef = 8252BE12175704600061F803 /* Reader-Button-H.png */; };
		8252BE25175704600061F803 /* Reader-Button-H@2x.png in Resources */ = {isa = PBXBuildFile; fileRef = 8252BE13175704600061F803 /* Reader-Button-H@2x.png */; };
		8252BE26175704600061F803 /* Reader-Button-N.png in Resources */ = {isa = PBXBuildFile; fileRef = 8252BE14175704600061F803 /* Reader-Button-N.png */; };
		8252BE27175704600061F803 /* Reader-Button-N@2x.png in Resources */ = {isa = PBXBuildFile; fileRef = 8252BE15175704600061F803 /* Reader-Button-N@2x.png */; };
		8252BE28175704600061F803 /* Reader-Email.png in Resources */ = {isa = PBXBuildFile; fileRef = 8252BE16175704600061F803 /* Reader-Email.png */; };
		8252BE29175704600061F803 /* Reader-Email@2x.png in Resources */ = {isa = PBXBuildFile; fileRef = 8252BE17175704600061F803 /* Reader-Email@2x.png */; };
		8252BE2A175704600061F803 /* Reader-Mark-N.png in Resources */ = {isa = PBXBuildFile; fileRef = 8252BE18175704600061F803 /* Reader-Mark-N.png */; };
		8252BE2B175704600061F803 /* Reader-Mark-N@2x.png in Resources */ = {isa = PBXBuildFile; fileRef = 8252BE19175704600061F803 /* Reader-Mark-N@2x.png */; };
		8252BE2C175704600061F803 /* Reader-Mark-Y.png in Resources */ = {isa = PBXBuildFile; fileRef = 8252BE1A175704600061F803 /* Reader-Mark-Y.png */; };
		8252BE2D175704600061F803 /* Reader-Mark-Y@2x.png in Resources */ = {isa = PBXBuildFile; fileRef = 8252BE1B175704600061F803 /* Reader-Mark-Y@2x.png */; };
		8252BE2E175704600061F803 /* Reader-Print.png in Resources */ = {isa = PBXBuildFile; fileRef = 8252BE1C175704600061F803 /* Reader-Print.png */; };
		8252BE2F175704600061F803 /* Reader-Print@2x.png in Resources */ = {isa = PBXBuildFile; fileRef = 8252BE1D175704600061F803 /* Reader-Print@2x.png */; };
		8252BE30175704600061F803 /* Reader-Thumbs.png in Resources */ = {isa = PBXBuildFile; fileRef = 8252BE1E175704600061F803 /* Reader-Thumbs.png */; };
		8252BE31175704600061F803 /* Reader-Thumbs@2x.png in Resources */ = {isa = PBXBuildFile; fileRef = 8252BE1F175704600061F803 /* Reader-Thumbs@2x.png */; };
		8261239D1769674600AC3E5B /* LogoDark.png in Resources */ = {isa = PBXBuildFile; fileRef = 8261239C1769674600AC3E5B /* LogoDark.png */; };
		827E47F7176E06620034BC9A /* 72.png in Resources */ = {isa = PBXBuildFile; fileRef = 827E47F6176E06620034BC9A /* 72.png */; };
		827E47F9176E06670034BC9A /* 144.png in Resources */ = {isa = PBXBuildFile; fileRef = 827E47F8176E06670034BC9A /* 144.png */; };
		828D0D0517C2E167003B1C0A /* DeleteSignedPdfViewController.m in Sources */ = {isa = PBXBuildFile; fileRef = 828D0D0417C2E167003B1C0A /* DeleteSignedPdfViewController.m */; };
		828E6DB4176699AC00C666C6 /* GLKit.framework in Frameworks */ = {isa = PBXBuildFile; fileRef = 828E6DB3176699AC00C666C6 /* GLKit.framework */; };
		828E6DB6176699B500C666C6 /* OpenGLES.framework in Frameworks */ = {isa = PBXBuildFile; fileRef = 828E6DB5176699B500C666C6 /* OpenGLES.framework */; };
		828E6DBA17669CF000C666C6 /* PDFInvoicesViewController.m in Sources */ = {isa = PBXBuildFile; fileRef = 828E6DB917669CF000C666C6 /* PDFInvoicesViewController.m */; };
		828E6DBD1766A70700C666C6 /* NICSignatureView.m in Sources */ = {isa = PBXBuildFile; fileRef = 828E6DBC1766A70700C666C6 /* NICSignatureView.m */; };
		82921499176942D300AA44F9 /* InvoiceTemplate.png in Resources */ = {isa = PBXBuildFile; fileRef = 82921498176942D300AA44F9 /* InvoiceTemplate.png */; };
		8294A63A1773F7AB005084CA /* added.png in Resources */ = {isa = PBXBuildFile; fileRef = 8294A6381773F7AB005084CA /* added.png */; };
		8294A63B1773F7AB005084CA /* add.png in Resources */ = {isa = PBXBuildFile; fileRef = 8294A6391773F7AB005084CA /* add.png */; };
		8294A63D1774032B005084CA /* cellBg.png in Resources */ = {isa = PBXBuildFile; fileRef = 8294A63C1774032B005084CA /* cellBg.png */; };
		8294A63F1774084C005084CA /* noadd.png in Resources */ = {isa = PBXBuildFile; fileRef = 8294A63E1774084C005084CA /* noadd.png */; };
		8294F1DC17B9B4F600641AAD /* SignBG.png in Resources */ = {isa = PBXBuildFile; fileRef = 8294F1DB17B9B4F600641AAD /* SignBG.png */; };
		829A4683174AFFE900B3B136 /* UserManagmentDetailViewController.m in Sources */ = {isa = PBXBuildFile; fileRef = 829A4682174AFFE900B3B136 /* UserManagmentDetailViewController.m */; };
		829A4686174B053600B3B136 /* ManageProductsViewController.m in Sources */ = {isa = PBXBuildFile; fileRef = 829A4685174B053600B3B136 /* ManageProductsViewController.m */; };
		829A4689174B06AA00B3B136 /* ManageProductsDetailViewController.m in Sources */ = {isa = PBXBuildFile; fileRef = 829A4688174B06AA00B3B136 /* ManageProductsDetailViewController.m */; };
		829A468C174B098400B3B136 /* ManageInvoicesViewController.m in Sources */ = {isa = PBXBuildFile; fileRef = 829A468B174B098400B3B136 /* ManageInvoicesViewController.m */; };
		829A468F174B099800B3B136 /* ManageInvoicesDetailViewController.m in Sources */ = {isa = PBXBuildFile; fileRef = 829A468E174B099800B3B136 /* ManageInvoicesDetailViewController.m */; };
		829B3CCB179F65B900A6CD13 /* ViewSignedInvoicesViewController.m in Sources */ = {isa = PBXBuildFile; fileRef = 829B3CCA179F65B800A6CD13 /* ViewSignedInvoicesViewController.m */; };
		829C19ED17681C2F00F2CDE8 /* Signature.png in Resources */ = {isa = PBXBuildFile; fileRef = 829C19EC17681C2F00F2CDE8 /* Signature.png */; };
		82A6CF9C1749416600BDB8E8 /* ManageClientsDetailViewController.m in Sources */ = {isa = PBXBuildFile; fileRef = 82A6CF9B1749416600BDB8E8 /* ManageClientsDetailViewController.m */; };
		82A9FEE3175599CC00A41AF8 /* QuartzCore.framework in Frameworks */ = {isa = PBXBuildFile; fileRef = 82A9FEE2175599CC00A41AF8 /* QuartzCore.framework */; };
		82C4A56317BAF37300A80A66 /* DeleteAllDataViewController.m in Sources */ = {isa = PBXBuildFile; fileRef = 82C4A56217BAF37300A80A66 /* DeleteAllDataViewController.m */; };
		82CE8BF31796321D004E2BFF /* ChooseClientPDFViewController.m in Sources */ = {isa = PBXBuildFile; fileRef = 82CE8BF21796321D004E2BFF /* ChooseClientPDFViewController.m */; };
		82EDE1D5173F19DD00E27BB3 /* BG.png in Resources */ = {isa = PBXBuildFile; fileRef = 82EDE1D4173F19DD00E27BB3 /* BG.png */; };
		82EDE1D9173F1A5E00E27BB3 /* LogInViewController.m in Sources */ = {isa = PBXBuildFile; fileRef = 82EDE1D8173F1A5E00E27BB3 /* LogInViewController.m */; };
		82EDE1DB173F1DF200E27BB3 /* Logo.png in Resources */ = {isa = PBXBuildFile; fileRef = 82EDE1DA173F1DF200E27BB3 /* Logo.png */; };
		82EDE1EA173F2ABA00E27BB3 /* displayMenuBtn.png in Resources */ = {isa = PBXBuildFile; fileRef = 82EDE1E9173F2ABA00E27BB3 /* displayMenuBtn.png */; };
		82EDE1EB173F2C7300E27BB3 /* MainMenuViewController.m in Sources */ = {isa = PBXBuildFile; fileRef = 82EDE1E8173F264D00E27BB3 /* MainMenuViewController.m */; };
/* End PBXBuildFile section */

/* Begin PBXFileReference section */
		13283BB21735B0CE00E2C286 /* LaParisienneBakery.app */ = {isa = PBXFileReference; explicitFileType = wrapper.application; includeInIndex = 0; path = LaParisienneBakery.app; sourceTree = BUILT_PRODUCTS_DIR; };
		13283BB51735B0CE00E2C286 /* UIKit.framework */ = {isa = PBXFileReference; lastKnownFileType = wrapper.framework; name = UIKit.framework; path = System/Library/Frameworks/UIKit.framework; sourceTree = SDKROOT; };
		13283BB71735B0CE00E2C286 /* Foundation.framework */ = {isa = PBXFileReference; lastKnownFileType = wrapper.framework; name = Foundation.framework; path = System/Library/Frameworks/Foundation.framework; sourceTree = SDKROOT; };
		13283BB91735B0CE00E2C286 /* CoreGraphics.framework */ = {isa = PBXFileReference; lastKnownFileType = wrapper.framework; name = CoreGraphics.framework; path = System/Library/Frameworks/CoreGraphics.framework; sourceTree = SDKROOT; };
		13283BBB1735B0CE00E2C286 /* CoreData.framework */ = {isa = PBXFileReference; lastKnownFileType = wrapper.framework; name = CoreData.framework; path = System/Library/Frameworks/CoreData.framework; sourceTree = SDKROOT; };
		13283BBF1735B0CE00E2C286 /* LaParisienneBakery-Info.plist */ = {isa = PBXFileReference; lastKnownFileType = text.plist.xml; path = "LaParisienneBakery-Info.plist"; sourceTree = "<group>"; };
		13283BC11735B0CE00E2C286 /* en */ = {isa = PBXFileReference; lastKnownFileType = text.plist.strings; name = en; path = en.lproj/InfoPlist.strings; sourceTree = "<group>"; };
		13283BC31735B0CE00E2C286 /* main.m */ = {isa = PBXFileReference; lastKnownFileType = sourcecode.c.objc; path = main.m; sourceTree = "<group>"; };
		13283BC51735B0CE00E2C286 /* LaParisienneBakery-Prefix.pch */ = {isa = PBXFileReference; lastKnownFileType = sourcecode.c.h; path = "LaParisienneBakery-Prefix.pch"; sourceTree = "<group>"; };
		13283BC61735B0CE00E2C286 /* AppDelegate.h */ = {isa = PBXFileReference; lastKnownFileType = sourcecode.c.h; path = AppDelegate.h; sourceTree = "<group>"; };
		13283BC71735B0CE00E2C286 /* AppDelegate.m */ = {isa = PBXFileReference; lastKnownFileType = sourcecode.c.objc; path = AppDelegate.m; sourceTree = "<group>"; };
		13283BC91735B0CE00E2C286 /* Default.png */ = {isa = PBXFileReference; lastKnownFileType = image.png; path = Default.png; sourceTree = "<group>"; };
		13283BCB1735B0CE00E2C286 /* Default@2x.png */ = {isa = PBXFileReference; lastKnownFileType = image.png; path = "Default@2x.png"; sourceTree = "<group>"; };
		13283BCD1735B0CE00E2C286 /* Default-568h@2x.png */ = {isa = PBXFileReference; lastKnownFileType = image.png; path = "Default-568h@2x.png"; sourceTree = "<group>"; };
		13283BD01735B0CE00E2C286 /* LaParisienneBakery.xcdatamodel */ = {isa = PBXFileReference; lastKnownFileType = wrapper.xcdatamodel; path = LaParisienneBakery.xcdatamodel; sourceTree = "<group>"; };
		13283BD71735B76800E2C286 /* Storyboard.storyboard */ = {isa = PBXFileReference; fileEncoding = 4; lastKnownFileType = file.storyboard; name = Storyboard.storyboard; path = LaParisienneBakery/Storyboard.storyboard; sourceTree = "<group>"; };
		1332BC83173F59D70082D8A8 /* Invoice_Lines.h */ = {isa = PBXFileReference; fileEncoding = 4; lastKnownFileType = sourcecode.c.h; name = Invoice_Lines.h; path = LaParisienneBakery/Invoice_Lines.h; sourceTree = "<group>"; };
		1332BC84173F59D70082D8A8 /* Invoice_Lines.m */ = {isa = PBXFileReference; fileEncoding = 4; lastKnownFileType = sourcecode.c.objc; name = Invoice_Lines.m; path = LaParisienneBakery/Invoice_Lines.m; sourceTree = "<group>"; };
		1332BC85173F59D80082D8A8 /* Customer.h */ = {isa = PBXFileReference; fileEncoding = 4; lastKnownFileType = sourcecode.c.h; name = Customer.h; path = LaParisienneBakery/Customer.h; sourceTree = "<group>"; };
		1332BC86173F59D80082D8A8 /* Customer.m */ = {isa = PBXFileReference; fileEncoding = 4; lastKnownFileType = sourcecode.c.objc; name = Customer.m; path = LaParisienneBakery/Customer.m; sourceTree = "<group>"; };
		1332BC87173F59D80082D8A8 /* User.h */ = {isa = PBXFileReference; fileEncoding = 4; lastKnownFileType = sourcecode.c.h; name = User.h; path = LaParisienneBakery/User.h; sourceTree = "<group>"; };
		1332BC88173F59D80082D8A8 /* User.m */ = {isa = PBXFileReference; fileEncoding = 4; lastKnownFileType = sourcecode.c.objc; name = User.m; path = LaParisienneBakery/User.m; sourceTree = "<group>"; };
		1332BC89173F59D80082D8A8 /* Invoice.h */ = {isa = PBXFileReference; fileEncoding = 4; lastKnownFileType = sourcecode.c.h; name = Invoice.h; path = LaParisienneBakery/Invoice.h; sourceTree = "<group>"; };
		1332BC8A173F59D80082D8A8 /* Invoice.m */ = {isa = PBXFileReference; fileEncoding = 4; lastKnownFileType = sourcecode.c.objc; name = Invoice.m; path = LaParisienneBakery/Invoice.m; sourceTree = "<group>"; };
		1332BC8B173F59D80082D8A8 /* Product.h */ = {isa = PBXFileReference; fileEncoding = 4; lastKnownFileType = sourcecode.c.h; name = Product.h; path = LaParisienneBakery/Product.h; sourceTree = "<group>"; };
		1332BC8C173F59D80082D8A8 /* Product.m */ = {isa = PBXFileReference; fileEncoding = 4; lastKnownFileType = sourcecode.c.objc; name = Product.m; path = LaParisienneBakery/Product.m; sourceTree = "<group>"; };
		133B4CC0173F5B7B00671615 /* UserManagmentViewController.h */ = {isa = PBXFileReference; fileEncoding = 4; lastKnownFileType = sourcecode.c.h; path = UserManagmentViewController.h; sourceTree = "<group>"; };
		133B4CC1173F5B7B00671615 /* UserManagmentViewController.m */ = {isa = PBXFileReference; fileEncoding = 4; lastKnownFileType = sourcecode.c.objc; path = UserManagmentViewController.m; sourceTree = "<group>"; };
		133B4CC31745F7BD00671615 /* ManageClientsViewController.h */ = {isa = PBXFileReference; fileEncoding = 4; lastKnownFileType = sourcecode.c.h; path = ManageClientsViewController.h; sourceTree = "<group>"; };
		133B4CC41745F7BE00671615 /* ManageClientsViewController.m */ = {isa = PBXFileReference; fileEncoding = 4; lastKnownFileType = sourcecode.c.objc; path = ManageClientsViewController.m; sourceTree = "<group>"; };
		8214190D175396E20001CEF0 /* ChooseClientForInvoiceViewController.h */ = {isa = PBXFileReference; fileEncoding = 4; lastKnownFileType = sourcecode.c.h; path = ChooseClientForInvoiceViewController.h; sourceTree = "<group>"; };
		8214190E175396E20001CEF0 /* ChooseClientForInvoiceViewController.m */ = {isa = PBXFileReference; fileEncoding = 4; lastKnownFileType = sourcecode.c.objc; path = ChooseClientForInvoiceViewController.m; sourceTree = "<group>"; };
		8214191217539C510001CEF0 /* ChooseProductsForInvoiceViewController.h */ = {isa = PBXFileReference; fileEncoding = 4; lastKnownFileType = sourcecode.c.h; path = ChooseProductsForInvoiceViewController.h; sourceTree = "<group>"; };
		8214191317539C510001CEF0 /* ChooseProductsForInvoiceViewController.m */ = {isa = PBXFileReference; fileEncoding = 4; lastKnownFileType = sourcecode.c.objc; path = ChooseProductsForInvoiceViewController.m; sourceTree = "<group>"; };
		8252BDC91756ECD50061F803 /* MessageUI.framework */ = {isa = PBXFileReference; lastKnownFileType = wrapper.framework; name = MessageUI.framework; path = System/Library/Frameworks/MessageUI.framework; sourceTree = SDKROOT; };
		8252BDCB1756ECDE0061F803 /* ImageIO.framework */ = {isa = PBXFileReference; lastKnownFileType = wrapper.framework; name = ImageIO.framework; path = System/Library/Frameworks/ImageIO.framework; sourceTree = SDKROOT; };
		8252BDCE1756ED660061F803 /* CGPDFDocument.h */ = {isa = PBXFileReference; fileEncoding = 4; lastKnownFileType = sourcecode.c.h; path = CGPDFDocument.h; sourceTree = "<group>"; };
		8252BDCF1756ED660061F803 /* CGPDFDocument.m */ = {isa = PBXFileReference; fileEncoding = 4; lastKnownFileType = sourcecode.c.objc; path = CGPDFDocument.m; sourceTree = "<group>"; };
		8252BDD01756ED660061F803 /* ReaderConstants.h */ = {isa = PBXFileReference; fileEncoding = 4; lastKnownFileType = sourcecode.c.h; path = ReaderConstants.h; sourceTree = "<group>"; };
		8252BDD11756ED660061F803 /* ReaderConstants.m */ = {isa = PBXFileReference; fileEncoding = 4; lastKnownFileType = sourcecode.c.objc; path = ReaderConstants.m; sourceTree = "<group>"; };
		8252BDD21756ED660061F803 /* ReaderContentPage.h */ = {isa = PBXFileReference; fileEncoding = 4; lastKnownFileType = sourcecode.c.h; path = ReaderContentPage.h; sourceTree = "<group>"; };
		8252BDD31756ED660061F803 /* ReaderContentPage.m */ = {isa = PBXFileReference; fileEncoding = 4; lastKnownFileType = sourcecode.c.objc; path = ReaderContentPage.m; sourceTree = "<group>"; };
		8252BDD41756ED660061F803 /* ReaderContentTile.h */ = {isa = PBXFileReference; fileEncoding = 4; lastKnownFileType = sourcecode.c.h; path = ReaderContentTile.h; sourceTree = "<group>"; };
		8252BDD51756ED660061F803 /* ReaderContentTile.m */ = {isa = PBXFileReference; fileEncoding = 4; lastKnownFileType = sourcecode.c.objc; path = ReaderContentTile.m; sourceTree = "<group>"; };
		8252BDD61756ED660061F803 /* ReaderContentView.h */ = {isa = PBXFileReference; fileEncoding = 4; lastKnownFileType = sourcecode.c.h; path = ReaderContentView.h; sourceTree = "<group>"; };
		8252BDD71756ED660061F803 /* ReaderContentView.m */ = {isa = PBXFileReference; fileEncoding = 4; lastKnownFileType = sourcecode.c.objc; path = ReaderContentView.m; sourceTree = "<group>"; };
		8252BDD81756ED660061F803 /* ReaderDocument.h */ = {isa = PBXFileReference; fileEncoding = 4; lastKnownFileType = sourcecode.c.h; path = ReaderDocument.h; sourceTree = "<group>"; };
		8252BDD91756ED660061F803 /* ReaderDocument.m */ = {isa = PBXFileReference; fileEncoding = 4; lastKnownFileType = sourcecode.c.objc; path = ReaderDocument.m; sourceTree = "<group>"; };
		8252BDDA1756ED660061F803 /* ReaderMainPagebar.h */ = {isa = PBXFileReference; fileEncoding = 4; lastKnownFileType = sourcecode.c.h; path = ReaderMainPagebar.h; sourceTree = "<group>"; };
		8252BDDB1756ED660061F803 /* ReaderMainPagebar.m */ = {isa = PBXFileReference; fileEncoding = 4; lastKnownFileType = sourcecode.c.objc; path = ReaderMainPagebar.m; sourceTree = "<group>"; };
		8252BDDC1756ED660061F803 /* ReaderMainToolbar.h */ = {isa = PBXFileReference; fileEncoding = 4; lastKnownFileType = sourcecode.c.h; path = ReaderMainToolbar.h; sourceTree = "<group>"; };
		8252BDDD1756ED660061F803 /* ReaderMainToolbar.m */ = {isa = PBXFileReference; fileEncoding = 4; lastKnownFileType = sourcecode.c.objc; path = ReaderMainToolbar.m; sourceTree = "<group>"; };
		8252BDDE1756ED660061F803 /* ReaderThumbCache.h */ = {isa = PBXFileReference; fileEncoding = 4; lastKnownFileType = sourcecode.c.h; path = ReaderThumbCache.h; sourceTree = "<group>"; };
		8252BDDF1756ED660061F803 /* ReaderThumbCache.m */ = {isa = PBXFileReference; fileEncoding = 4; lastKnownFileType = sourcecode.c.objc; path = ReaderThumbCache.m; sourceTree = "<group>"; };
		8252BDE01756ED660061F803 /* ReaderThumbFetch.h */ = {isa = PBXFileReference; fileEncoding = 4; lastKnownFileType = sourcecode.c.h; path = ReaderThumbFetch.h; sourceTree = "<group>"; };
		8252BDE11756ED660061F803 /* ReaderThumbFetch.m */ = {isa = PBXFileReference; fileEncoding = 4; lastKnownFileType = sourcecode.c.objc; path = ReaderThumbFetch.m; sourceTree = "<group>"; };
		8252BDE21756ED660061F803 /* ReaderThumbQueue.h */ = {isa = PBXFileReference; fileEncoding = 4; lastKnownFileType = sourcecode.c.h; path = ReaderThumbQueue.h; sourceTree = "<group>"; };
		8252BDE31756ED660061F803 /* ReaderThumbQueue.m */ = {isa = PBXFileReference; fileEncoding = 4; lastKnownFileType = sourcecode.c.objc; path = ReaderThumbQueue.m; sourceTree = "<group>"; };
		8252BDE41756ED660061F803 /* ReaderThumbRender.h */ = {isa = PBXFileReference; fileEncoding = 4; lastKnownFileType = sourcecode.c.h; path = ReaderThumbRender.h; sourceTree = "<group>"; };
		8252BDE51756ED660061F803 /* ReaderThumbRender.m */ = {isa = PBXFileReference; fileEncoding = 4; lastKnownFileType = sourcecode.c.objc; path = ReaderThumbRender.m; sourceTree = "<group>"; };
		8252BDE61756ED660061F803 /* ReaderThumbRequest.h */ = {isa = PBXFileReference; fileEncoding = 4; lastKnownFileType = sourcecode.c.h; path = ReaderThumbRequest.h; sourceTree = "<group>"; };
		8252BDE71756ED660061F803 /* ReaderThumbRequest.m */ = {isa = PBXFileReference; fileEncoding = 4; lastKnownFileType = sourcecode.c.objc; path = ReaderThumbRequest.m; sourceTree = "<group>"; };
		8252BDE81756ED660061F803 /* ReaderThumbsView.h */ = {isa = PBXFileReference; fileEncoding = 4; lastKnownFileType = sourcecode.c.h; path = ReaderThumbsView.h; sourceTree = "<group>"; };
		8252BDE91756ED660061F803 /* ReaderThumbsView.m */ = {isa = PBXFileReference; fileEncoding = 4; lastKnownFileType = sourcecode.c.objc; path = ReaderThumbsView.m; sourceTree = "<group>"; };
		8252BDEA1756ED660061F803 /* ReaderThumbView.h */ = {isa = PBXFileReference; fileEncoding = 4; lastKnownFileType = sourcecode.c.h; path = ReaderThumbView.h; sourceTree = "<group>"; };
		8252BDEB1756ED660061F803 /* ReaderThumbView.m */ = {isa = PBXFileReference; fileEncoding = 4; lastKnownFileType = sourcecode.c.objc; path = ReaderThumbView.m; sourceTree = "<group>"; };
		8252BDEC1756ED660061F803 /* ReaderViewController.h */ = {isa = PBXFileReference; fileEncoding = 4; lastKnownFileType = sourcecode.c.h; path = ReaderViewController.h; sourceTree = "<group>"; };
		8252BDED1756ED660061F803 /* ReaderViewController.m */ = {isa = PBXFileReference; fileEncoding = 4; lastKnownFileType = sourcecode.c.objc; path = ReaderViewController.m; sourceTree = "<group>"; };
		8252BDEE1756ED660061F803 /* ThumbsMainToolbar.h */ = {isa = PBXFileReference; fileEncoding = 4; lastKnownFileType = sourcecode.c.h; path = ThumbsMainToolbar.h; sourceTree = "<group>"; };
		8252BDEF1756ED660061F803 /* ThumbsMainToolbar.m */ = {isa = PBXFileReference; fileEncoding = 4; lastKnownFileType = sourcecode.c.objc; path = ThumbsMainToolbar.m; sourceTree = "<group>"; };
		8252BDF01756ED660061F803 /* ThumbsViewController.h */ = {isa = PBXFileReference; fileEncoding = 4; lastKnownFileType = sourcecode.c.h; path = ThumbsViewController.h; sourceTree = "<group>"; };
		8252BDF11756ED660061F803 /* ThumbsViewController.m */ = {isa = PBXFileReference; fileEncoding = 4; lastKnownFileType = sourcecode.c.objc; path = ThumbsViewController.m; sourceTree = "<group>"; };
		8252BDF21756ED660061F803 /* UIXToolbarView.h */ = {isa = PBXFileReference; fileEncoding = 4; lastKnownFileType = sourcecode.c.h; path = UIXToolbarView.h; sourceTree = "<group>"; };
		8252BDF31756ED660061F803 /* UIXToolbarView.m */ = {isa = PBXFileReference; fileEncoding = 4; lastKnownFileType = sourcecode.c.objc; path = UIXToolbarView.m; sourceTree = "<group>"; };
		8252BE0E175704600061F803 /* AppIcon-057.png */ = {isa = PBXFileReference; lastKnownFileType = image.png; path = "AppIcon-057.png"; sourceTree = "<group>"; };
		8252BE0F175704600061F803 /* AppIcon-072.png */ = {isa = PBXFileReference; lastKnownFileType = image.png; path = "AppIcon-072.png"; sourceTree = "<group>"; };
		8252BE10175704600061F803 /* AppIcon-114.png */ = {isa = PBXFileReference; lastKnownFileType = image.png; path = "AppIcon-114.png"; sourceTree = "<group>"; };
		8252BE11175704600061F803 /* AppIcon-144.png */ = {isa = PBXFileReference; lastKnownFileType = image.png; path = "AppIcon-144.png"; sourceTree = "<group>"; };
		8252BE12175704600061F803 /* Reader-Button-H.png */ = {isa = PBXFileReference; lastKnownFileType = image.png; path = "Reader-Button-H.png"; sourceTree = "<group>"; };
		8252BE13175704600061F803 /* Reader-Button-H@2x.png */ = {isa = PBXFileReference; lastKnownFileType = image.png; path = "Reader-Button-H@2x.png"; sourceTree = "<group>"; };
		8252BE14175704600061F803 /* Reader-Button-N.png */ = {isa = PBXFileReference; lastKnownFileType = image.png; path = "Reader-Button-N.png"; sourceTree = "<group>"; };
		8252BE15175704600061F803 /* Reader-Button-N@2x.png */ = {isa = PBXFileReference; lastKnownFileType = image.png; path = "Reader-Button-N@2x.png"; sourceTree = "<group>"; };
		8252BE16175704600061F803 /* Reader-Email.png */ = {isa = PBXFileReference; lastKnownFileType = image.png; path = "Reader-Email.png"; sourceTree = "<group>"; };
		8252BE17175704600061F803 /* Reader-Email@2x.png */ = {isa = PBXFileReference; lastKnownFileType = image.png; path = "Reader-Email@2x.png"; sourceTree = "<group>"; };
		8252BE18175704600061F803 /* Reader-Mark-N.png */ = {isa = PBXFileReference; lastKnownFileType = image.png; path = "Reader-Mark-N.png"; sourceTree = "<group>"; };
		8252BE19175704600061F803 /* Reader-Mark-N@2x.png */ = {isa = PBXFileReference; lastKnownFileType = image.png; path = "Reader-Mark-N@2x.png"; sourceTree = "<group>"; };
		8252BE1A175704600061F803 /* Reader-Mark-Y.png */ = {isa = PBXFileReference; lastKnownFileType = image.png; path = "Reader-Mark-Y.png"; sourceTree = "<group>"; };
		8252BE1B175704600061F803 /* Reader-Mark-Y@2x.png */ = {isa = PBXFileReference; lastKnownFileType = image.png; path = "Reader-Mark-Y@2x.png"; sourceTree = "<group>"; };
		8252BE1C175704600061F803 /* Reader-Print.png */ = {isa = PBXFileReference; lastKnownFileType = image.png; path = "Reader-Print.png"; sourceTree = "<group>"; };
		8252BE1D175704600061F803 /* Reader-Print@2x.png */ = {isa = PBXFileReference; lastKnownFileType = image.png; path = "Reader-Print@2x.png"; sourceTree = "<group>"; };
		8252BE1E175704600061F803 /* Reader-Thumbs.png */ = {isa = PBXFileReference; lastKnownFileType = image.png; path = "Reader-Thumbs.png"; sourceTree = "<group>"; };
		8252BE1F175704600061F803 /* Reader-Thumbs@2x.png */ = {isa = PBXFileReference; lastKnownFileType = image.png; path = "Reader-Thumbs@2x.png"; sourceTree = "<group>"; };
		8261239C1769674600AC3E5B /* LogoDark.png */ = {isa = PBXFileReference; lastKnownFileType = image.png; path = LogoDark.png; sourceTree = "<group>"; };
		827E47F6176E06620034BC9A /* 72.png */ = {isa = PBXFileReference; lastKnownFileType = image.png; path = 72.png; sourceTree = "<group>"; };
		827E47F8176E06670034BC9A /* 144.png */ = {isa = PBXFileReference; lastKnownFileType = image.png; path = 144.png; sourceTree = "<group>"; };
		828D0D0317C2E167003B1C0A /* DeleteSignedPdfViewController.h */ = {isa = PBXFileReference; fileEncoding = 4; lastKnownFileType = sourcecode.c.h; path = DeleteSignedPdfViewController.h; sourceTree = "<group>"; };
		828D0D0417C2E167003B1C0A /* DeleteSignedPdfViewController.m */ = {isa = PBXFileReference; fileEncoding = 4; lastKnownFileType = sourcecode.c.objc; path = DeleteSignedPdfViewController.m; sourceTree = "<group>"; };
		828E6DB3176699AC00C666C6 /* GLKit.framework */ = {isa = PBXFileReference; lastKnownFileType = wrapper.framework; name = GLKit.framework; path = System/Library/Frameworks/GLKit.framework; sourceTree = SDKROOT; };
		828E6DB5176699B500C666C6 /* OpenGLES.framework */ = {isa = PBXFileReference; lastKnownFileType = wrapper.framework; name = OpenGLES.framework; path = System/Library/Frameworks/OpenGLES.framework; sourceTree = SDKROOT; };
		828E6DB817669CF000C666C6 /* PDFInvoicesViewController.h */ = {isa = PBXFileReference; fileEncoding = 4; lastKnownFileType = sourcecode.c.h; path = PDFInvoicesViewController.h; sourceTree = "<group>"; };
		828E6DB917669CF000C666C6 /* PDFInvoicesViewController.m */ = {isa = PBXFileReference; fileEncoding = 4; lastKnownFileType = sourcecode.c.objc; path = PDFInvoicesViewController.m; sourceTree = "<group>"; };
		828E6DBB1766A70700C666C6 /* NICSignatureView.h */ = {isa = PBXFileReference; fileEncoding = 4; lastKnownFileType = sourcecode.c.h; path = NICSignatureView.h; sourceTree = "<group>"; };
		828E6DBC1766A70700C666C6 /* NICSignatureView.m */ = {isa = PBXFileReference; fileEncoding = 4; lastKnownFileType = sourcecode.c.objc; path = NICSignatureView.m; sourceTree = "<group>"; };
		82921498176942D300AA44F9 /* InvoiceTemplate.png */ = {isa = PBXFileReference; lastKnownFileType = image.png; name = InvoiceTemplate.png; path = LaParisienneBakery/InvoiceTemplate.png; sourceTree = "<group>"; };
		8294A6381773F7AB005084CA /* added.png */ = {isa = PBXFileReference; lastKnownFileType = image.png; path = added.png; sourceTree = "<group>"; };
		8294A6391773F7AB005084CA /* add.png */ = {isa = PBXFileReference; lastKnownFileType = image.png; path = add.png; sourceTree = "<group>"; };
		8294A63C1774032B005084CA /* cellBg.png */ = {isa = PBXFileReference; lastKnownFileType = image.png; path = cellBg.png; sourceTree = "<group>"; };
		8294A63E1774084C005084CA /* noadd.png */ = {isa = PBXFileReference; lastKnownFileType = image.png; path = noadd.png; sourceTree = "<group>"; };
		8294F1DB17B9B4F600641AAD /* SignBG.png */ = {isa = PBXFileReference; lastKnownFileType = image.png; path = SignBG.png; sourceTree = "<group>"; };
		829A4681174AFFE900B3B136 /* UserManagmentDetailViewController.h */ = {isa = PBXFileReference; fileEncoding = 4; lastKnownFileType = sourcecode.c.h; path = UserManagmentDetailViewController.h; sourceTree = "<group>"; };
		829A4682174AFFE900B3B136 /* UserManagmentDetailViewController.m */ = {isa = PBXFileReference; fileEncoding = 4; lastKnownFileType = sourcecode.c.objc; path = UserManagmentDetailViewController.m; sourceTree = "<group>"; };
		829A4684174B053600B3B136 /* ManageProductsViewController.h */ = {isa = PBXFileReference; fileEncoding = 4; lastKnownFileType = sourcecode.c.h; path = ManageProductsViewController.h; sourceTree = "<group>"; };
		829A4685174B053600B3B136 /* ManageProductsViewController.m */ = {isa = PBXFileReference; fileEncoding = 4; lastKnownFileType = sourcecode.c.objc; path = ManageProductsViewController.m; sourceTree = "<group>"; };
		829A4687174B06AA00B3B136 /* ManageProductsDetailViewController.h */ = {isa = PBXFileReference; fileEncoding = 4; lastKnownFileType = sourcecode.c.h; path = ManageProductsDetailViewController.h; sourceTree = "<group>"; };
		829A4688174B06AA00B3B136 /* ManageProductsDetailViewController.m */ = {isa = PBXFileReference; fileEncoding = 4; lastKnownFileType = sourcecode.c.objc; path = ManageProductsDetailViewController.m; sourceTree = "<group>"; };
		829A468A174B098400B3B136 /* ManageInvoicesViewController.h */ = {isa = PBXFileReference; fileEncoding = 4; lastKnownFileType = sourcecode.c.h; path = ManageInvoicesViewController.h; sourceTree = "<group>"; };
		829A468B174B098400B3B136 /* ManageInvoicesViewController.m */ = {isa = PBXFileReference; fileEncoding = 4; lastKnownFileType = sourcecode.c.objc; path = ManageInvoicesViewController.m; sourceTree = "<group>"; };
		829A468D174B099800B3B136 /* ManageInvoicesDetailViewController.h */ = {isa = PBXFileReference; fileEncoding = 4; lastKnownFileType = sourcecode.c.h; path = ManageInvoicesDetailViewController.h; sourceTree = "<group>"; };
		829A468E174B099800B3B136 /* ManageInvoicesDetailViewController.m */ = {isa = PBXFileReference; fileEncoding = 4; lastKnownFileType = sourcecode.c.objc; path = ManageInvoicesDetailViewController.m; sourceTree = "<group>"; };
		829B3CC9179F65B800A6CD13 /* ViewSignedInvoicesViewController.h */ = {isa = PBXFileReference; fileEncoding = 4; lastKnownFileType = sourcecode.c.h; path = ViewSignedInvoicesViewController.h; sourceTree = "<group>"; };
		829B3CCA179F65B800A6CD13 /* ViewSignedInvoicesViewController.m */ = {isa = PBXFileReference; fileEncoding = 4; lastKnownFileType = sourcecode.c.objc; path = ViewSignedInvoicesViewController.m; sourceTree = "<group>"; };
		829C19EC17681C2F00F2CDE8 /* Signature.png */ = {isa = PBXFileReference; lastKnownFileType = image.png; path = Signature.png; sourceTree = "<group>"; };
		82A6CF9A1749416600BDB8E8 /* ManageClientsDetailViewController.h */ = {isa = PBXFileReference; fileEncoding = 4; lastKnownFileType = sourcecode.c.h; path = ManageClientsDetailViewController.h; sourceTree = "<group>"; };
		82A6CF9B1749416600BDB8E8 /* ManageClientsDetailViewController.m */ = {isa = PBXFileReference; fileEncoding = 4; lastKnownFileType = sourcecode.c.objc; path = ManageClientsDetailViewController.m; sourceTree = "<group>"; };
		82A9FEE2175599CC00A41AF8 /* QuartzCore.framework */ = {isa = PBXFileReference; lastKnownFileType = wrapper.framework; name = QuartzCore.framework; path = System/Library/Frameworks/QuartzCore.framework; sourceTree = SDKROOT; };
		82C4A56117BAF37300A80A66 /* DeleteAllDataViewController.h */ = {isa = PBXFileReference; fileEncoding = 4; lastKnownFileType = sourcecode.c.h; path = DeleteAllDataViewController.h; sourceTree = "<group>"; };
		82C4A56217BAF37300A80A66 /* DeleteAllDataViewController.m */ = {isa = PBXFileReference; fileEncoding = 4; lastKnownFileType = sourcecode.c.objc; path = DeleteAllDataViewController.m; sourceTree = "<group>"; };
		82CE8BF11796321D004E2BFF /* ChooseClientPDFViewController.h */ = {isa = PBXFileReference; fileEncoding = 4; lastKnownFileType = sourcecode.c.h; path = ChooseClientPDFViewController.h; sourceTree = "<group>"; };
		82CE8BF21796321D004E2BFF /* ChooseClientPDFViewController.m */ = {isa = PBXFileReference; fileEncoding = 4; lastKnownFileType = sourcecode.c.objc; path = ChooseClientPDFViewController.m; sourceTree = "<group>"; };
		82EDE1D4173F19DD00E27BB3 /* BG.png */ = {isa = PBXFileReference; lastKnownFileType = image.png; path = BG.png; sourceTree = "<group>"; };
		82EDE1D7173F1A5E00E27BB3 /* LogInViewController.h */ = {isa = PBXFileReference; fileEncoding = 4; lastKnownFileType = sourcecode.c.h; path = LogInViewController.h; sourceTree = "<group>"; };
		82EDE1D8173F1A5E00E27BB3 /* LogInViewController.m */ = {isa = PBXFileReference; fileEncoding = 4; lastKnownFileType = sourcecode.c.objc; path = LogInViewController.m; sourceTree = "<group>"; };
		82EDE1DA173F1DF200E27BB3 /* Logo.png */ = {isa = PBXFileReference; lastKnownFileType = image.png; path = Logo.png; sourceTree = "<group>"; };
		82EDE1E7173F264D00E27BB3 /* MainMenuViewController.h */ = {isa = PBXFileReference; lastKnownFileType = sourcecode.c.h; path = MainMenuViewController.h; sourceTree = "<group>"; };
		82EDE1E8173F264D00E27BB3 /* MainMenuViewController.m */ = {isa = PBXFileReference; lastKnownFileType = sourcecode.c.objc; path = MainMenuViewController.m; sourceTree = "<group>"; };
		82EDE1E9173F2ABA00E27BB3 /* displayMenuBtn.png */ = {isa = PBXFileReference; lastKnownFileType = image.png; path = displayMenuBtn.png; sourceTree = "<group>"; };
/* End PBXFileReference section */

/* Begin PBXFrameworksBuildPhase section */
		13283BAF1735B0CE00E2C286 /* Frameworks */ = {
			isa = PBXFrameworksBuildPhase;
			buildActionMask = 2147483647;
			files = (
				13283BB61735B0CE00E2C286 /* UIKit.framework in Frameworks */,
				828E6DB6176699B500C666C6 /* OpenGLES.framework in Frameworks */,
				828E6DB4176699AC00C666C6 /* GLKit.framework in Frameworks */,
				8252BDCC1756ECDE0061F803 /* ImageIO.framework in Frameworks */,
				8252BDCA1756ECD50061F803 /* MessageUI.framework in Frameworks */,
				82A9FEE3175599CC00A41AF8 /* QuartzCore.framework in Frameworks */,
				13283BB81735B0CE00E2C286 /* Foundation.framework in Frameworks */,
				13283BBA1735B0CE00E2C286 /* CoreGraphics.framework in Frameworks */,
				13283BBC1735B0CE00E2C286 /* CoreData.framework in Frameworks */,
			);
			runOnlyForDeploymentPostprocessing = 0;
		};
/* End PBXFrameworksBuildPhase section */

/* Begin PBXGroup section */
		13283BA91735B0CE00E2C286 = {
			isa = PBXGroup;
			children = (
				8252BDAA1756EB350061F803 /* PDFEngine */,
				1332BC92173F59DF0082D8A8 /* DataModels */,
				82EDE1D6173F19ED00E27BB3 /* ViewControllers */,
				13283BBD1735B0CE00E2C286 /* LaParisienneBakery */,
				13283BD91735B77000E2C286 /* Storyboard */,
				82EDE1D3173F19C400E27BB3 /* Images */,
				13283BB41735B0CE00E2C286 /* Frameworks */,
				13283BB31735B0CE00E2C286 /* Products */,
			);
			sourceTree = "<group>";
		};
		13283BB31735B0CE00E2C286 /* Products */ = {
			isa = PBXGroup;
			children = (
				13283BB21735B0CE00E2C286 /* LaParisienneBakery.app */,
			);
			name = Products;
			sourceTree = "<group>";
		};
		13283BB41735B0CE00E2C286 /* Frameworks */ = {
			isa = PBXGroup;
			children = (
				828E6DB5176699B500C666C6 /* OpenGLES.framework */,
				828E6DB3176699AC00C666C6 /* GLKit.framework */,
				8252BDCB1756ECDE0061F803 /* ImageIO.framework */,
				8252BDC91756ECD50061F803 /* MessageUI.framework */,
				82A9FEE2175599CC00A41AF8 /* QuartzCore.framework */,
				13283BB51735B0CE00E2C286 /* UIKit.framework */,
				13283BB71735B0CE00E2C286 /* Foundation.framework */,
				13283BB91735B0CE00E2C286 /* CoreGraphics.framework */,
				13283BBB1735B0CE00E2C286 /* CoreData.framework */,
			);
			name = Frameworks;
			sourceTree = "<group>";
		};
		13283BBD1735B0CE00E2C286 /* LaParisienneBakery */ = {
			isa = PBXGroup;
			children = (
				13283BC61735B0CE00E2C286 /* AppDelegate.h */,
				13283BC71735B0CE00E2C286 /* AppDelegate.m */,
				13283BCF1735B0CE00E2C286 /* LaParisienneBakery.xcdatamodeld */,
				13283BBE1735B0CE00E2C286 /* Supporting Files */,
			);
			path = LaParisienneBakery;
			sourceTree = "<group>";
		};
		13283BBE1735B0CE00E2C286 /* Supporting Files */ = {
			isa = PBXGroup;
			children = (
				13283BBF1735B0CE00E2C286 /* LaParisienneBakery-Info.plist */,
				13283BC01735B0CE00E2C286 /* InfoPlist.strings */,
				13283BC31735B0CE00E2C286 /* main.m */,
				13283BC51735B0CE00E2C286 /* LaParisienneBakery-Prefix.pch */,
				13283BC91735B0CE00E2C286 /* Default.png */,
				13283BCB1735B0CE00E2C286 /* Default@2x.png */,
				13283BCD1735B0CE00E2C286 /* Default-568h@2x.png */,
			);
			name = "Supporting Files";
			sourceTree = "<group>";
		};
		13283BD91735B77000E2C286 /* Storyboard */ = {
			isa = PBXGroup;
			children = (
				13283BD71735B76800E2C286 /* Storyboard.storyboard */,
			);
			name = Storyboard;
			sourceTree = "<group>";
		};
		1332BC92173F59DF0082D8A8 /* DataModels */ = {
			isa = PBXGroup;
			children = (
				1332BC83173F59D70082D8A8 /* Invoice_Lines.h */,
				1332BC84173F59D70082D8A8 /* Invoice_Lines.m */,
				1332BC85173F59D80082D8A8 /* Customer.h */,
				1332BC86173F59D80082D8A8 /* Customer.m */,
				1332BC87173F59D80082D8A8 /* User.h */,
				1332BC88173F59D80082D8A8 /* User.m */,
				1332BC89173F59D80082D8A8 /* Invoice.h */,
				1332BC8A173F59D80082D8A8 /* Invoice.m */,
				1332BC8B173F59D80082D8A8 /* Product.h */,
				1332BC8C173F59D80082D8A8 /* Product.m */,
			);
			name = DataModels;
			sourceTree = "<group>";
		};
		8252BDAA1756EB350061F803 /* PDFEngine */ = {
			isa = PBXGroup;
			children = (
				8252BE0D175704600061F803 /* Graphics */,
				8252BDCD1756ED660061F803 /* Sources */,
			);
			name = PDFEngine;
			sourceTree = "<group>";
		};
		8252BDCD1756ED660061F803 /* Sources */ = {
			isa = PBXGroup;
			children = (
				8252BDCE1756ED660061F803 /* CGPDFDocument.h */,
				8252BDCF1756ED660061F803 /* CGPDFDocument.m */,
				8252BDD01756ED660061F803 /* ReaderConstants.h */,
				8252BDD11756ED660061F803 /* ReaderConstants.m */,
				8252BDD21756ED660061F803 /* ReaderContentPage.h */,
				8252BDD31756ED660061F803 /* ReaderContentPage.m */,
				8252BDD41756ED660061F803 /* ReaderContentTile.h */,
				8252BDD51756ED660061F803 /* ReaderContentTile.m */,
				8252BDD61756ED660061F803 /* ReaderContentView.h */,
				8252BDD71756ED660061F803 /* ReaderContentView.m */,
				8252BDD81756ED660061F803 /* ReaderDocument.h */,
				8252BDD91756ED660061F803 /* ReaderDocument.m */,
				8252BDDA1756ED660061F803 /* ReaderMainPagebar.h */,
				8252BDDB1756ED660061F803 /* ReaderMainPagebar.m */,
				8252BDDC1756ED660061F803 /* ReaderMainToolbar.h */,
				8252BDDD1756ED660061F803 /* ReaderMainToolbar.m */,
				8252BDDE1756ED660061F803 /* ReaderThumbCache.h */,
				8252BDDF1756ED660061F803 /* ReaderThumbCache.m */,
				8252BDE01756ED660061F803 /* ReaderThumbFetch.h */,
				8252BDE11756ED660061F803 /* ReaderThumbFetch.m */,
				8252BDE21756ED660061F803 /* ReaderThumbQueue.h */,
				8252BDE31756ED660061F803 /* ReaderThumbQueue.m */,
				8252BDE41756ED660061F803 /* ReaderThumbRender.h */,
				8252BDE51756ED660061F803 /* ReaderThumbRender.m */,
				8252BDE61756ED660061F803 /* ReaderThumbRequest.h */,
				8252BDE71756ED660061F803 /* ReaderThumbRequest.m */,
				8252BDE81756ED660061F803 /* ReaderThumbsView.h */,
				8252BDE91756ED660061F803 /* ReaderThumbsView.m */,
				8252BDEA1756ED660061F803 /* ReaderThumbView.h */,
				8252BDEB1756ED660061F803 /* ReaderThumbView.m */,
				8252BDEC1756ED660061F803 /* ReaderViewController.h */,
				8252BDED1756ED660061F803 /* ReaderViewController.m */,
				8252BDEE1756ED660061F803 /* ThumbsMainToolbar.h */,
				8252BDEF1756ED660061F803 /* ThumbsMainToolbar.m */,
				8252BDF01756ED660061F803 /* ThumbsViewController.h */,
				8252BDF11756ED660061F803 /* ThumbsViewController.m */,
				8252BDF21756ED660061F803 /* UIXToolbarView.h */,
				8252BDF31756ED660061F803 /* UIXToolbarView.m */,
			);
			path = Sources;
			sourceTree = "<group>";
		};
		8252BE0D175704600061F803 /* Graphics */ = {
			isa = PBXGroup;
			children = (
				8252BE0E175704600061F803 /* AppIcon-057.png */,
				8252BE0F175704600061F803 /* AppIcon-072.png */,
				8252BE10175704600061F803 /* AppIcon-114.png */,
				8252BE11175704600061F803 /* AppIcon-144.png */,
				8252BE12175704600061F803 /* Reader-Button-H.png */,
				8252BE13175704600061F803 /* Reader-Button-H@2x.png */,
				8252BE14175704600061F803 /* Reader-Button-N.png */,
				8252BE15175704600061F803 /* Reader-Button-N@2x.png */,
				8252BE16175704600061F803 /* Reader-Email.png */,
				8252BE17175704600061F803 /* Reader-Email@2x.png */,
				8252BE18175704600061F803 /* Reader-Mark-N.png */,
				8252BE19175704600061F803 /* Reader-Mark-N@2x.png */,
				8252BE1A175704600061F803 /* Reader-Mark-Y.png */,
				8252BE1B175704600061F803 /* Reader-Mark-Y@2x.png */,
				8252BE1C175704600061F803 /* Reader-Print.png */,
				8252BE1D175704600061F803 /* Reader-Print@2x.png */,
				8252BE1E175704600061F803 /* Reader-Thumbs.png */,
				8252BE1F175704600061F803 /* Reader-Thumbs@2x.png */,
			);
			path = Graphics;
			sourceTree = "<group>";
		};
		82802CCB179770A10030AF3F /* Login and Menu */ = {
			isa = PBXGroup;
			children = (
				82EDE1D7173F1A5E00E27BB3 /* LogInViewController.h */,
				82EDE1D8173F1A5E00E27BB3 /* LogInViewController.m */,
				82EDE1E7173F264D00E27BB3 /* MainMenuViewController.h */,
				82EDE1E8173F264D00E27BB3 /* MainMenuViewController.m */,
			);
			name = "Login and Menu";
			sourceTree = "<group>";
		};
		828E6DB717669CD000C666C6 /* PDFInvoices */ = {
			isa = PBXGroup;
			children = (
				828E6DBB1766A70700C666C6 /* NICSignatureView.h */,
				828E6DBC1766A70700C666C6 /* NICSignatureView.m */,
				82CE8BF11796321D004E2BFF /* ChooseClientPDFViewController.h */,
				82CE8BF21796321D004E2BFF /* ChooseClientPDFViewController.m */,
				828E6DB817669CF000C666C6 /* PDFInvoicesViewController.h */,
				828E6DB917669CF000C666C6 /* PDFInvoicesViewController.m */,
				829B3CC9179F65B800A6CD13 /* ViewSignedInvoicesViewController.h */,
				829B3CCA179F65B800A6CD13 /* ViewSignedInvoicesViewController.m */,
			);
			name = PDFInvoices;
			sourceTree = "<group>";
		};
		829A467E174AFE9600B3B136 /* User */ = {
			isa = PBXGroup;
			children = (
				133B4CC0173F5B7B00671615 /* UserManagmentViewController.h */,
				133B4CC1173F5B7B00671615 /* UserManagmentViewController.m */,
				829A4681174AFFE900B3B136 /* UserManagmentDetailViewController.h */,
				829A4682174AFFE900B3B136 /* UserManagmentDetailViewController.m */,
			);
			name = User;
			sourceTree = "<group>";
		};
		829A467F174AFE9F00B3B136 /* Invoice */ = {
			isa = PBXGroup;
			children = (
				8214190D175396E20001CEF0 /* ChooseClientForInvoiceViewController.h */,
				8214190E175396E20001CEF0 /* ChooseClientForInvoiceViewController.m */,
				829A468A174B098400B3B136 /* ManageInvoicesViewController.h */,
				829A468B174B098400B3B136 /* ManageInvoicesViewController.m */,
				8214191217539C510001CEF0 /* ChooseProductsForInvoiceViewController.h */,
				8214191317539C510001CEF0 /* ChooseProductsForInvoiceViewController.m */,
				829A468D174B099800B3B136 /* ManageInvoicesDetailViewController.h */,
				829A468E174B099800B3B136 /* ManageInvoicesDetailViewController.m */,
			);
			name = Invoice;
			sourceTree = "<group>";
		};
		829A4680174AFEAF00B3B136 /* Products */ = {
			isa = PBXGroup;
			children = (
				829A4684174B053600B3B136 /* ManageProductsViewController.h */,
				829A4685174B053600B3B136 /* ManageProductsViewController.m */,
				829A4687174B06AA00B3B136 /* ManageProductsDetailViewController.h */,
				829A4688174B06AA00B3B136 /* ManageProductsDetailViewController.m */,
			);
			name = Products;
			sourceTree = "<group>";
		};
		82A6CF991749412E00BDB8E8 /* Clients */ = {
			isa = PBXGroup;
			children = (
				133B4CC31745F7BD00671615 /* ManageClientsViewController.h */,
				133B4CC41745F7BE00671615 /* ManageClientsViewController.m */,
				82A6CF9A1749416600BDB8E8 /* ManageClientsDetailViewController.h */,
				82A6CF9B1749416600BDB8E8 /* ManageClientsDetailViewController.m */,
			);
			name = Clients;
			sourceTree = "<group>";
		};
		82C4A55D17BAF21700A80A66 /* DeleteData */ = {
			isa = PBXGroup;
			children = (
				82C4A56117BAF37300A80A66 /* DeleteAllDataViewController.h */,
				82C4A56217BAF37300A80A66 /* DeleteAllDataViewController.m */,
				828D0D0317C2E167003B1C0A /* DeleteSignedPdfViewController.h */,
				828D0D0417C2E167003B1C0A /* DeleteSignedPdfViewController.m */,
			);
			name = DeleteData;
			sourceTree = "<group>";
		};
		82EDE1D3173F19C400E27BB3 /* Images */ = {
			isa = PBXGroup;
			children = (
				8294A6381773F7AB005084CA /* added.png */,
				8294A63E1774084C005084CA /* noadd.png */,
				8294A6391773F7AB005084CA /* add.png */,
				827E47F8176E06670034BC9A /* 144.png */,
				827E47F6176E06620034BC9A /* 72.png */,
				8294F1DB17B9B4F600641AAD /* SignBG.png */,
				8294A63C1774032B005084CA /* cellBg.png */,
				8261239C1769674600AC3E5B /* LogoDark.png */,
				82921498176942D300AA44F9 /* InvoiceTemplate.png */,
				829C19EC17681C2F00F2CDE8 /* Signature.png */,
				82EDE1E9173F2ABA00E27BB3 /* displayMenuBtn.png */,
				82EDE1DA173F1DF200E27BB3 /* Logo.png */,
				82EDE1D4173F19DD00E27BB3 /* BG.png */,
			);
			name = Images;
			sourceTree = "<group>";
		};
		82EDE1D6173F19ED00E27BB3 /* ViewControllers */ = {
			isa = PBXGroup;
			children = (
				82C4A55D17BAF21700A80A66 /* DeleteData */,
				82802CCB179770A10030AF3F /* Login and Menu */,
				828E6DB717669CD000C666C6 /* PDFInvoices */,
				82A6CF991749412E00BDB8E8 /* Clients */,
				829A4680174AFEAF00B3B136 /* Products */,
				829A467E174AFE9600B3B136 /* User */,
				829A467F174AFE9F00B3B136 /* Invoice */,
			);
			name = ViewControllers;
			sourceTree = "<group>";
		};
/* End PBXGroup section */

/* Begin PBXNativeTarget section */
		13283BB11735B0CE00E2C286 /* LaParisienneBakery */ = {
			isa = PBXNativeTarget;
			buildConfigurationList = 13283BD41735B0CE00E2C286 /* Build configuration list for PBXNativeTarget "LaParisienneBakery" */;
			buildPhases = (
				13283BAE1735B0CE00E2C286 /* Sources */,
				13283BAF1735B0CE00E2C286 /* Frameworks */,
				13283BB01735B0CE00E2C286 /* Resources */,
			);
			buildRules = (
			);
			dependencies = (
			);
			name = LaParisienneBakery;
			productName = LaParisienneBakery;
			productReference = 13283BB21735B0CE00E2C286 /* LaParisienneBakery.app */;
			productType = "com.apple.product-type.application";
		};
/* End PBXNativeTarget section */

/* Begin PBXProject section */
		13283BAA1735B0CE00E2C286 /* Project object */ = {
			isa = PBXProject;
			attributes = {
				LastUpgradeCheck = 0460;
				ORGANIZATIONNAME = cynthia;
			};
			buildConfigurationList = 13283BAD1735B0CE00E2C286 /* Build configuration list for PBXProject "LaParisienneBakery" */;
			compatibilityVersion = "Xcode 3.2";
			developmentRegion = English;
			hasScannedForEncodings = 0;
			knownRegions = (
				en,
			);
			mainGroup = 13283BA91735B0CE00E2C286;
			productRefGroup = 13283BB31735B0CE00E2C286 /* Products */;
			projectDirPath = "";
			projectRoot = "";
			targets = (
				13283BB11735B0CE00E2C286 /* LaParisienneBakery */,
			);
		};
/* End PBXProject section */

/* Begin PBXResourcesBuildPhase section */
		13283BB01735B0CE00E2C286 /* Resources */ = {
			isa = PBXResourcesBuildPhase;
			buildActionMask = 2147483647;
			files = (
				13283BC21735B0CE00E2C286 /* InfoPlist.strings in Resources */,
				13283BCE1735B0CE00E2C286 /* Default-568h@2x.png in Resources */,
				13283BD81735B76800E2C286 /* Storyboard.storyboard in Resources */,
				82EDE1D5173F19DD00E27BB3 /* BG.png in Resources */,
				82EDE1DB173F1DF200E27BB3 /* Logo.png in Resources */,
				82EDE1EA173F2ABA00E27BB3 /* displayMenuBtn.png in Resources */,
				8252BE20175704600061F803 /* AppIcon-057.png in Resources */,
				8252BE21175704600061F803 /* AppIcon-072.png in Resources */,
				8252BE22175704600061F803 /* AppIcon-114.png in Resources */,
				8252BE23175704600061F803 /* AppIcon-144.png in Resources */,
				8252BE24175704600061F803 /* Reader-Button-H.png in Resources */,
				8252BE25175704600061F803 /* Reader-Button-H@2x.png in Resources */,
				8252BE26175704600061F803 /* Reader-Button-N.png in Resources */,
				8252BE27175704600061F803 /* Reader-Button-N@2x.png in Resources */,
				8252BE28175704600061F803 /* Reader-Email.png in Resources */,
				8252BE29175704600061F803 /* Reader-Email@2x.png in Resources */,
				8252BE2A175704600061F803 /* Reader-Mark-N.png in Resources */,
				8252BE2B175704600061F803 /* Reader-Mark-N@2x.png in Resources */,
				8252BE2C175704600061F803 /* Reader-Mark-Y.png in Resources */,
				8252BE2D175704600061F803 /* Reader-Mark-Y@2x.png in Resources */,
				8252BE2E175704600061F803 /* Reader-Print.png in Resources */,
				8252BE2F175704600061F803 /* Reader-Print@2x.png in Resources */,
				8252BE30175704600061F803 /* Reader-Thumbs.png in Resources */,
				8252BE31175704600061F803 /* Reader-Thumbs@2x.png in Resources */,
				829C19ED17681C2F00F2CDE8 /* Signature.png in Resources */,
				82921499176942D300AA44F9 /* InvoiceTemplate.png in Resources */,
				8261239D1769674600AC3E5B /* LogoDark.png in Resources */,
				827E47F7176E06620034BC9A /* 72.png in Resources */,
				827E47F9176E06670034BC9A /* 144.png in Resources */,
				8294A63A1773F7AB005084CA /* added.png in Resources */,
				8294A63B1773F7AB005084CA /* add.png in Resources */,
				8294A63D1774032B005084CA /* cellBg.png in Resources */,
				8294A63F1774084C005084CA /* noadd.png in Resources */,
				8294F1DC17B9B4F600641AAD /* SignBG.png in Resources */,
			);
			runOnlyForDeploymentPostprocessing = 0;
		};
/* End PBXResourcesBuildPhase section */

/* Begin PBXSourcesBuildPhase section */
		13283BAE1735B0CE00E2C286 /* Sources */ = {
			isa = PBXSourcesBuildPhase;
			buildActionMask = 2147483647;
			files = (
				13283BC41735B0CE00E2C286 /* main.m in Sources */,
				13283BC81735B0CE00E2C286 /* AppDelegate.m in Sources */,
				13283BD11735B0CE00E2C286 /* LaParisienneBakery.xcdatamodeld in Sources */,
				82EDE1D9173F1A5E00E27BB3 /* LogInViewController.m in Sources */,
				82EDE1EB173F2C7300E27BB3 /* MainMenuViewController.m in Sources */,
				1332BC8D173F59D80082D8A8 /* Invoice_Lines.m in Sources */,
				1332BC8E173F59D80082D8A8 /* Customer.m in Sources */,
				1332BC8F173F59D80082D8A8 /* User.m in Sources */,
				1332BC90173F59D80082D8A8 /* Invoice.m in Sources */,
				1332BC91173F59D80082D8A8 /* Product.m in Sources */,
				133B4CC2173F5B7B00671615 /* UserManagmentViewController.m in Sources */,
				133B4CC51745F7BE00671615 /* ManageClientsViewController.m in Sources */,
				82A6CF9C1749416600BDB8E8 /* ManageClientsDetailViewController.m in Sources */,
				829A4683174AFFE900B3B136 /* UserManagmentDetailViewController.m in Sources */,
				829A4686174B053600B3B136 /* ManageProductsViewController.m in Sources */,
				829A4689174B06AA00B3B136 /* ManageProductsDetailViewController.m in Sources */,
				829A468C174B098400B3B136 /* ManageInvoicesViewController.m in Sources */,
				829A468F174B099800B3B136 /* ManageInvoicesDetailViewController.m in Sources */,
				8214190F175396E20001CEF0 /* ChooseClientForInvoiceViewController.m in Sources */,
				8214191417539C510001CEF0 /* ChooseProductsForInvoiceViewController.m in Sources */,
				8252BDF41756ED660061F803 /* CGPDFDocument.m in Sources */,
				8252BDF51756ED660061F803 /* ReaderConstants.m in Sources */,
				8252BDF61756ED660061F803 /* ReaderContentPage.m in Sources */,
				8252BDF71756ED660061F803 /* ReaderContentTile.m in Sources */,
				8252BDF81756ED660061F803 /* ReaderContentView.m in Sources */,
				8252BDF91756ED660061F803 /* ReaderDocument.m in Sources */,
				8252BDFA1756ED660061F803 /* ReaderMainPagebar.m in Sources */,
				8252BDFB1756ED660061F803 /* ReaderMainToolbar.m in Sources */,
				8252BDFC1756ED660061F803 /* ReaderThumbCache.m in Sources */,
				8252BDFD1756ED660061F803 /* ReaderThumbFetch.m in Sources */,
				8252BDFE1756ED660061F803 /* ReaderThumbQueue.m in Sources */,
				8252BDFF1756ED660061F803 /* ReaderThumbRender.m in Sources */,
				8252BE001756ED660061F803 /* ReaderThumbRequest.m in Sources */,
				8252BE011756ED660061F803 /* ReaderThumbsView.m in Sources */,
				8252BE021756ED660061F803 /* ReaderThumbView.m in Sources */,
				8252BE031756ED660061F803 /* ReaderViewController.m in Sources */,
				8252BE041756ED660061F803 /* ThumbsMainToolbar.m in Sources */,
				8252BE051756ED660061F803 /* ThumbsViewController.m in Sources */,
				8252BE061756ED660061F803 /* UIXToolbarView.m in Sources */,
				828E6DBA17669CF000C666C6 /* PDFInvoicesViewController.m in Sources */,
				828E6DBD1766A70700C666C6 /* NICSignatureView.m in Sources */,
				82CE8BF31796321D004E2BFF /* ChooseClientPDFViewController.m in Sources */,
				829B3CCB179F65B900A6CD13 /* ViewSignedInvoicesViewController.m in Sources */,
				82C4A56317BAF37300A80A66 /* DeleteAllDataViewController.m in Sources */,
				828D0D0517C2E167003B1C0A /* DeleteSignedPdfViewController.m in Sources */,
			);
			runOnlyForDeploymentPostprocessing = 0;
		};
/* End PBXSourcesBuildPhase section */

/* Begin PBXVariantGroup section */
		13283BC01735B0CE00E2C286 /* InfoPlist.strings */ = {
			isa = PBXVariantGroup;
			children = (
				13283BC11735B0CE00E2C286 /* en */,
			);
			name = InfoPlist.strings;
			sourceTree = "<group>";
		};
/* End PBXVariantGroup section */

/* Begin XCBuildConfiguration section */
		13283BD21735B0CE00E2C286 /* Debug */ = {
			isa = XCBuildConfiguration;
			buildSettings = {
				ALWAYS_SEARCH_USER_PATHS = NO;
				CLANG_CXX_LANGUAGE_STANDARD = "gnu++0x";
				CLANG_CXX_LIBRARY = "libc++";
				CLANG_ENABLE_OBJC_ARC = YES;
				CLANG_WARN_CONSTANT_CONVERSION = YES;
				CLANG_WARN_EMPTY_BODY = YES;
				CLANG_WARN_ENUM_CONVERSION = YES;
				CLANG_WARN_INT_CONVERSION = YES;
				CLANG_WARN__DUPLICATE_METHOD_MATCH = YES;
				CODE_SIGN_IDENTITY = "iPhone Developer: Cesar Vega (MTQS648B9R)";
				"CODE_SIGN_IDENTITY[sdk=iphoneos*]" = "iPhone Developer";
				COPY_PHASE_STRIP = NO;
				GCC_C_LANGUAGE_STANDARD = gnu99;
				GCC_DYNAMIC_NO_PIC = NO;
				GCC_OPTIMIZATION_LEVEL = 0;
				GCC_PREPROCESSOR_DEFINITIONS = (
					"DEBUG=1",
					"$(inherited)",
				);
				GCC_SYMBOLS_PRIVATE_EXTERN = NO;
				GCC_WARN_ABOUT_RETURN_TYPE = YES;
				GCC_WARN_UNINITIALIZED_AUTOS = YES;
				GCC_WARN_UNUSED_VARIABLE = YES;
				IPHONEOS_DEPLOYMENT_TARGET = 6.1;
				ONLY_ACTIVE_ARCH = YES;
				PROVISIONING_PROFILE = "87FC74DA-60E2-405A-85FB-74E4BD40C654";
				"PROVISIONING_PROFILE[sdk=iphoneos*]" = "";
				SDKROOT = iphoneos;
				TARGETED_DEVICE_FAMILY = 2;
			};
			name = Debug;
		};
		13283BD31735B0CE00E2C286 /* Release */ = {
			isa = XCBuildConfiguration;
			buildSettings = {
				ALWAYS_SEARCH_USER_PATHS = NO;
				CLANG_CXX_LANGUAGE_STANDARD = "gnu++0x";
				CLANG_CXX_LIBRARY = "libc++";
				CLANG_ENABLE_OBJC_ARC = YES;
				CLANG_WARN_CONSTANT_CONVERSION = YES;
				CLANG_WARN_EMPTY_BODY = YES;
				CLANG_WARN_ENUM_CONVERSION = YES;
				CLANG_WARN_INT_CONVERSION = YES;
				CLANG_WARN__DUPLICATE_METHOD_MATCH = YES;
				CODE_SIGN_IDENTITY = "iPhone Developer: Cesar Vega (MTQS648B9R)";
				"CODE_SIGN_IDENTITY[sdk=iphoneos*]" = "iPhone Developer";
				COPY_PHASE_STRIP = YES;
				GCC_C_LANGUAGE_STANDARD = gnu99;
				GCC_WARN_ABOUT_RETURN_TYPE = YES;
				GCC_WARN_UNINITIALIZED_AUTOS = YES;
				GCC_WARN_UNUSED_VARIABLE = YES;
				IPHONEOS_DEPLOYMENT_TARGET = 6.1;
				OTHER_CFLAGS = "-DNS_BLOCK_ASSERTIONS=1";
				PROVISIONING_PROFILE = "87FC74DA-60E2-405A-85FB-74E4BD40C654";
				"PROVISIONING_PROFILE[sdk=iphoneos*]" = "";
				SDKROOT = iphoneos;
				TARGETED_DEVICE_FAMILY = 2;
				VALIDATE_PRODUCT = YES;
			};
			name = Release;
		};
		13283BD51735B0CE00E2C286 /* Debug */ = {
			isa = XCBuildConfiguration;
			buildSettings = {
				CODE_SIGN_IDENTITY = "iPhone Distribution: Cesar Vega (3PHQFHUHZE)";
				"CODE_SIGN_IDENTITY[sdk=*]" = "iPhone Distribution: Cesar Vega (3PHQFHUHZE)";
				"CODE_SIGN_IDENTITY[sdk=iphoneos*]" = "iPhone Distribution: Cesar Vega (3PHQFHUHZE)";
				GCC_PRECOMPILE_PREFIX_HEADER = YES;
				GCC_PREFIX_HEADER = "LaParisienneBakery/LaParisienneBakery-Prefix.pch";
				INFOPLIST_FILE = "LaParisienneBakery/LaParisienneBakery-Info.plist";
				ONLY_ACTIVE_ARCH = NO;
				PRODUCT_NAME = "$(TARGET_NAME)";
				PROVISIONING_PROFILE = "7D5CEA97-4998-4D47-8F14-F2B64760DBBF";
				"PROVISIONING_PROFILE[sdk=*]" = "7D5CEA97-4998-4D47-8F14-F2B64760DBBF";
				"PROVISIONING_PROFILE[sdk=iphoneos*]" = "7D5CEA97-4998-4D47-8F14-F2B64760DBBF";
				WRAPPER_EXTENSION = app;
			};
			name = Debug;
		};
		13283BD61735B0CE00E2C286 /* Release */ = {
			isa = XCBuildConfiguration;
			buildSettings = {
				"CODE_SIGN_ENTITLEMENTS[sdk=*]" = "";
				CODE_SIGN_IDENTITY = "iPhone Distribution: Cesar Vega (3PHQFHUHZE)";
				"CODE_SIGN_IDENTITY[sdk=iphoneos*]" = "iPhone Distribution: Cesar Vega (3PHQFHUHZE)";
				GCC_PRECOMPILE_PREFIX_HEADER = YES;
				GCC_PREFIX_HEADER = "LaParisienneBakery/LaParisienneBakery-Prefix.pch";
				INFOPLIST_FILE = "LaParisienneBakery/LaParisienneBakery-Info.plist";
				ONLY_ACTIVE_ARCH = NO;
				PRODUCT_NAME = "$(TARGET_NAME)";
				PROVISIONING_PROFILE = "7D5CEA97-4998-4D47-8F14-F2B64760DBBF";
				"PROVISIONING_PROFILE[sdk=iphoneos*]" = "7D5CEA97-4998-4D47-8F14-F2B64760DBBF";
				WRAPPER_EXTENSION = app;
			};
			name = Release;
		};
/* End XCBuildConfiguration section */

/* Begin XCConfigurationList section */
		13283BAD1735B0CE00E2C286 /* Build configuration list for PBXProject "LaParisienneBakery" */ = {
			isa = XCConfigurationList;
			buildConfigurations = (
				13283BD21735B0CE00E2C286 /* Debug */,
				13283BD31735B0CE00E2C286 /* Release */,
			);
			defaultConfigurationIsVisible = 0;
			defaultConfigurationName = Release;
		};
		13283BD41735B0CE00E2C286 /* Build configuration list for PBXNativeTarget "LaParisienneBakery" */ = {
			isa = XCConfigurationList;
			buildConfigurations = (
				13283BD51735B0CE00E2C286 /* Debug */,
				13283BD61735B0CE00E2C286 /* Release */,
			);
			defaultConfigurationIsVisible = 0;
			defaultConfigurationName = Release;
		};
/* End XCConfigurationList section */

/* Begin XCVersionGroup section */
		13283BCF1735B0CE00E2C286 /* LaParisienneBakery.xcdatamodeld */ = {
			isa = XCVersionGroup;
			children = (
				13283BD01735B0CE00E2C286 /* LaParisienneBakery.xcdatamodel */,
			);
			currentVersion = 13283BD01735B0CE00E2C286 /* LaParisienneBakery.xcdatamodel */;
			path = LaParisienneBakery.xcdatamodeld;
			sourceTree = "<group>";
			versionGroupType = wrapper.xcdatamodel;
		};
/* End XCVersionGroup section */
	};
	rootObject = 13283BAA1735B0CE00E2C286 /* Project object */;
}
